// !$*UTF8*$!
{
	archiveVersion = 1;
	classes = {
	};
	objectVersion = 55;
	objects = {

/* Begin PBXBuildFile section */
		660E078929213E7E002201A3 /* ThrophyTableViewCell.swift in Sources */ = {isa = PBXBuildFile; fileRef = 660E078729213E7E002201A3 /* ThrophyTableViewCell.swift */; };
		660E078A29213E7E002201A3 /* ThrophyTableViewCell.xib in Resources */ = {isa = PBXBuildFile; fileRef = 660E078829213E7E002201A3 /* ThrophyTableViewCell.xib */; };
		66280C3D2921444400C63CC6 /* ThropiesTableViewCell.swift in Sources */ = {isa = PBXBuildFile; fileRef = 66280C3B2921444400C63CC6 /* ThropiesTableViewCell.swift */; };
		66280C3E2921444400C63CC6 /* ThropiesTableViewCell.xib in Resources */ = {isa = PBXBuildFile; fileRef = 66280C3C2921444400C63CC6 /* ThropiesTableViewCell.xib */; };
		66280C412921456D00C63CC6 /* BadgesCreateViewController.swift in Sources */ = {isa = PBXBuildFile; fileRef = 66280C3F2921456D00C63CC6 /* BadgesCreateViewController.swift */; };
		66280C422921456D00C63CC6 /* BadgesCreateViewController.xib in Resources */ = {isa = PBXBuildFile; fileRef = 66280C402921456D00C63CC6 /* BadgesCreateViewController.xib */; };
		663A3F3B29211B0B0059C2F3 /* BranchAreaViewController.swift in Sources */ = {isa = PBXBuildFile; fileRef = 663A3F3929211B0B0059C2F3 /* BranchAreaViewController.swift */; };
		663A3F3C29211B0B0059C2F3 /* BranchAreaViewController.xib in Resources */ = {isa = PBXBuildFile; fileRef = 663A3F3A29211B0B0059C2F3 /* BranchAreaViewController.xib */; };
		663A3F3F29211FED0059C2F3 /* TodaysScheduleViewController.swift in Sources */ = {isa = PBXBuildFile; fileRef = 663A3F3D29211FED0059C2F3 /* TodaysScheduleViewController.swift */; };
		663A3F4029211FED0059C2F3 /* TodaysScheduleViewController.xib in Resources */ = {isa = PBXBuildFile; fileRef = 663A3F3E29211FED0059C2F3 /* TodaysScheduleViewController.xib */; };
		663A3F45292123FB0059C2F3 /* BadgesFinishedViewController.swift in Sources */ = {isa = PBXBuildFile; fileRef = 663A3F43292123FB0059C2F3 /* BadgesFinishedViewController.swift */; };
		663A3F46292123FB0059C2F3 /* BadgesFinishedViewController.xib in Resources */ = {isa = PBXBuildFile; fileRef = 663A3F44292123FB0059C2F3 /* BadgesFinishedViewController.xib */; };
		663A3F4A292126C50059C2F3 /* ProfileViewController.swift in Sources */ = {isa = PBXBuildFile; fileRef = 663A3F48292126C50059C2F3 /* ProfileViewController.swift */; };
		663A3F4B292126C50059C2F3 /* ProfileViewController.xib in Resources */ = {isa = PBXBuildFile; fileRef = 663A3F49292126C50059C2F3 /* ProfileViewController.xib */; };
		663A3F53292136FF0059C2F3 /* AboutTableViewCell.swift in Sources */ = {isa = PBXBuildFile; fileRef = 663A3F51292136FF0059C2F3 /* AboutTableViewCell.swift */; };
		663A3F54292136FF0059C2F3 /* AboutTableViewCell.xib in Resources */ = {isa = PBXBuildFile; fileRef = 663A3F52292136FF0059C2F3 /* AboutTableViewCell.xib */; };
		66402162291BAF94001442D2 /* TagAllAreaTableViewCell.swift in Sources */ = {isa = PBXBuildFile; fileRef = 66402160291BAF94001442D2 /* TagAllAreaTableViewCell.swift */; };
		66402163291BAF94001442D2 /* TagAllAreaTableViewCell.xib in Resources */ = {isa = PBXBuildFile; fileRef = 66402161291BAF94001442D2 /* TagAllAreaTableViewCell.xib */; };
		66698757291D112700F865ED /* Launch Screen.storyboard in Resources */ = {isa = PBXBuildFile; fileRef = 66698756291D112700F865ED /* Launch Screen.storyboard */; };
		666C9072291D3E1D00AB065D /* AddAreaViewController.swift in Sources */ = {isa = PBXBuildFile; fileRef = 666C9070291D3E1D00AB065D /* AddAreaViewController.swift */; };
		666C9073291D3E1D00AB065D /* AddAreaViewController.xib in Resources */ = {isa = PBXBuildFile; fileRef = 666C9071291D3E1D00AB065D /* AddAreaViewController.xib */; };
		668F2633292276ED00412735 /* LearderBoardInfoTableViewCell.swift in Sources */ = {isa = PBXBuildFile; fileRef = 668F2631292276ED00412735 /* LearderBoardInfoTableViewCell.swift */; };
		668F2634292276ED00412735 /* LearderBoardInfoTableViewCell.xib in Resources */ = {isa = PBXBuildFile; fileRef = 668F2632292276ED00412735 /* LearderBoardInfoTableViewCell.xib */; };
		668F2637292279B000412735 /* RankNamePointTableViewCell.swift in Sources */ = {isa = PBXBuildFile; fileRef = 668F2635292279B000412735 /* RankNamePointTableViewCell.swift */; };
		668F2638292279B000412735 /* RankNamePointTableViewCell.xib in Resources */ = {isa = PBXBuildFile; fileRef = 668F2636292279B000412735 /* RankNamePointTableViewCell.xib */; };
		668F263B29227BC200412735 /* RankTableViewCell.swift in Sources */ = {isa = PBXBuildFile; fileRef = 668F263929227BC200412735 /* RankTableViewCell.swift */; };
		668F263C29227BC200412735 /* RankTableViewCell.xib in Resources */ = {isa = PBXBuildFile; fileRef = 668F263A29227BC200412735 /* RankTableViewCell.xib */; };
		668F263F29228A4900412735 /* DetailTaskTableViewCell.swift in Sources */ = {isa = PBXBuildFile; fileRef = 668F263D29228A4900412735 /* DetailTaskTableViewCell.swift */; };
		668F264029228A4900412735 /* DetailTaskTableViewCell.xib in Resources */ = {isa = PBXBuildFile; fileRef = 668F263E29228A4900412735 /* DetailTaskTableViewCell.xib */; };
		668F264329228BB500412735 /* DetailTaskTagTableViewCell.swift in Sources */ = {isa = PBXBuildFile; fileRef = 668F264129228BB500412735 /* DetailTaskTagTableViewCell.swift */; };
		668F264429228BB500412735 /* DetailTaskTagTableViewCell.xib in Resources */ = {isa = PBXBuildFile; fileRef = 668F264229228BB500412735 /* DetailTaskTagTableViewCell.xib */; };
		668F264729228C4E00412735 /* DescriptionTableViewCell.swift in Sources */ = {isa = PBXBuildFile; fileRef = 668F264529228C4E00412735 /* DescriptionTableViewCell.swift */; };
		668F264829228C4E00412735 /* DescriptionTableViewCell.xib in Resources */ = {isa = PBXBuildFile; fileRef = 668F264629228C4E00412735 /* DescriptionTableViewCell.xib */; };
		668F264B29228D2B00412735 /* RewardTableViewCell.swift in Sources */ = {isa = PBXBuildFile; fileRef = 668F264929228D2B00412735 /* RewardTableViewCell.swift */; };
		668F264C29228D2B00412735 /* RewardTableViewCell.xib in Resources */ = {isa = PBXBuildFile; fileRef = 668F264A29228D2B00412735 /* RewardTableViewCell.xib */; };
		66BA514B292E050400014473 /* MainViewController.swift in Sources */ = {isa = PBXBuildFile; fileRef = 66BA5149292E050400014473 /* MainViewController.swift */; };
		66BA514C292E050400014473 /* MainViewController.xib in Resources */ = {isa = PBXBuildFile; fileRef = 66BA514A292E050400014473 /* MainViewController.xib */; };
		66BCE379291A61E300021E8A /* ScheduleViewController.swift in Sources */ = {isa = PBXBuildFile; fileRef = 66BCE377291A61E300021E8A /* ScheduleViewController.swift */; };
		66BCE37A291A61E300021E8A /* ScheduleViewController.xib in Resources */ = {isa = PBXBuildFile; fileRef = 66BCE378291A61E300021E8A /* ScheduleViewController.xib */; };
		66BCE37D291A64CB00021E8A /* TitleScheduleTableViewCell.swift in Sources */ = {isa = PBXBuildFile; fileRef = 66BCE37B291A64CB00021E8A /* TitleScheduleTableViewCell.swift */; };
		66BCE37E291A64CB00021E8A /* TitleScheduleTableViewCell.xib in Resources */ = {isa = PBXBuildFile; fileRef = 66BCE37C291A64CB00021E8A /* TitleScheduleTableViewCell.xib */; };
		66C6FD07291A35770068D08B /* SignInUiViewController.swift in Sources */ = {isa = PBXBuildFile; fileRef = 66C6FD05291A35770068D08B /* SignInUiViewController.swift */; };
		66C6FD08291A35770068D08B /* SignInUiViewController.xib in Resources */ = {isa = PBXBuildFile; fileRef = 66C6FD06291A35770068D08B /* SignInUiViewController.xib */; };
		66C6FD0F291A36490068D08B /* AfterSignInViewController.swift in Sources */ = {isa = PBXBuildFile; fileRef = 66C6FD0D291A36490068D08B /* AfterSignInViewController.swift */; };
		66C6FD10291A36490068D08B /* AfterSignInViewController.xib in Resources */ = {isa = PBXBuildFile; fileRef = 66C6FD0E291A36490068D08B /* AfterSignInViewController.xib */; };
		66C6FD13291A38FE0068D08B /* TagScheduleTableViewCell.swift in Sources */ = {isa = PBXBuildFile; fileRef = 66C6FD11291A38FE0068D08B /* TagScheduleTableViewCell.swift */; };
		66C6FD14291A38FE0068D08B /* TagScheduleTableViewCell.xib in Resources */ = {isa = PBXBuildFile; fileRef = 66C6FD12291A38FE0068D08B /* TagScheduleTableViewCell.xib */; };
		66C6FD17291A3A2C0068D08B /* TitleAllAreaTableViewCell.swift in Sources */ = {isa = PBXBuildFile; fileRef = 66C6FD15291A3A2C0068D08B /* TitleAllAreaTableViewCell.swift */; };
		66C6FD18291A3A2C0068D08B /* TitleAllAreaTableViewCell.xib in Resources */ = {isa = PBXBuildFile; fileRef = 66C6FD16291A3A2C0068D08B /* TitleAllAreaTableViewCell.xib */; };
		66C6FD1B291A3C6E0068D08B /* TitleAllScheduleTableViewCell.swift in Sources */ = {isa = PBXBuildFile; fileRef = 66C6FD19291A3C6E0068D08B /* TitleAllScheduleTableViewCell.swift */; };
		66C6FD1C291A3C6E0068D08B /* TitleAllScheduleTableViewCell.xib in Resources */ = {isa = PBXBuildFile; fileRef = 66C6FD1A291A3C6E0068D08B /* TitleAllScheduleTableViewCell.xib */; };
		66C6FD1F291A3C8A0068D08B /* TagAllScheduleTableViewCell.swift in Sources */ = {isa = PBXBuildFile; fileRef = 66C6FD1D291A3C8A0068D08B /* TagAllScheduleTableViewCell.swift */; };
		66C6FD20291A3C8A0068D08B /* TagAllScheduleTableViewCell.xib in Resources */ = {isa = PBXBuildFile; fileRef = 66C6FD1E291A3C8A0068D08B /* TagAllScheduleTableViewCell.xib */; };
		66CE2C5F2921D1C8007BD8E1 /* EndYearViewController.swift in Sources */ = {isa = PBXBuildFile; fileRef = 66CE2C5D2921D1C8007BD8E1 /* EndYearViewController.swift */; };
		66CE2C602921D1C8007BD8E1 /* EndYearViewController.xib in Resources */ = {isa = PBXBuildFile; fileRef = 66CE2C5E2921D1C8007BD8E1 /* EndYearViewController.xib */; };
		66CE2C672921F484007BD8E1 /* TagEmptyScheduleTableViewCell.swift in Sources */ = {isa = PBXBuildFile; fileRef = 66CE2C652921F484007BD8E1 /* TagEmptyScheduleTableViewCell.swift */; };
		66CE2C682921F484007BD8E1 /* TagEmptyScheduleTableViewCell.xib in Resources */ = {isa = PBXBuildFile; fileRef = 66CE2C662921F484007BD8E1 /* TagEmptyScheduleTableViewCell.xib */; };
		66F4BE72292FC569004CF4A6 /* ActivitiesTableViewCell.swift in Sources */ = {isa = PBXBuildFile; fileRef = 66F4BE70292FC569004CF4A6 /* ActivitiesTableViewCell.swift */; };
		66F4BE73292FC569004CF4A6 /* ActivitiesTableViewCell.xib in Resources */ = {isa = PBXBuildFile; fileRef = 66F4BE71292FC569004CF4A6 /* ActivitiesTableViewCell.xib */; };
		BD1F467E2923727800B646F1 /* AllAreasVC.swift in Sources */ = {isa = PBXBuildFile; fileRef = BD1F467C2923727800B646F1 /* AllAreasVC.swift */; };
		BD1F467F2923727800B646F1 /* AllAreasVC.xib in Resources */ = {isa = PBXBuildFile; fileRef = BD1F467D2923727800B646F1 /* AllAreasVC.xib */; };
		BD1F4683292372F600B646F1 /* AddAreasListVC.swift in Sources */ = {isa = PBXBuildFile; fileRef = BD1F4681292372F600B646F1 /* AddAreasListVC.swift */; };
		BD1F4684292372F600B646F1 /* AddAreasListVC.xib in Resources */ = {isa = PBXBuildFile; fileRef = BD1F4682292372F600B646F1 /* AddAreasListVC.xib */; };
		BD1F46882923734E00B646F1 /* AddAreaListTableViewCell.swift in Sources */ = {isa = PBXBuildFile; fileRef = BD1F46862923734E00B646F1 /* AddAreaListTableViewCell.swift */; };
		BD1F46892923734E00B646F1 /* AddAreaListTableViewCell.xib in Resources */ = {isa = PBXBuildFile; fileRef = BD1F46872923734E00B646F1 /* AddAreaListTableViewCell.xib */; };
		BD102B54292E0C9C00A29811 /* Date+Extension.swift in Sources */ = {isa = PBXBuildFile; fileRef = BD102B53292E0C9C00A29811 /* Date+Extension.swift */; };
		BD102B58292E1C1000A29811 /* ListItemVC.swift in Sources */ = {isa = PBXBuildFile; fileRef = BD102B56292E1C1000A29811 /* ListItemVC.swift */; };
		BD102B59292E1C1000A29811 /* ListItemVC.xib in Resources */ = {isa = PBXBuildFile; fileRef = BD102B57292E1C1000A29811 /* ListItemVC.xib */; };
		BD102B5D292E1C5400A29811 /* CardItemCell.swift in Sources */ = {isa = PBXBuildFile; fileRef = BD102B5B292E1C5400A29811 /* CardItemCell.swift */; };
		BD102B5E292E1C5400A29811 /* CardItemCell.xib in Resources */ = {isa = PBXBuildFile; fileRef = BD102B5C292E1C5400A29811 /* CardItemCell.xib */; };
		BD1F468D2923753000B646F1 /* ChallengesVC.swift in Sources */ = {isa = PBXBuildFile; fileRef = BD1F468B2923753000B646F1 /* ChallengesVC.swift */; };
		BD1F468E2923753000B646F1 /* ChallengesVC.xib in Resources */ = {isa = PBXBuildFile; fileRef = BD1F468C2923753000B646F1 /* ChallengesVC.xib */; };
		BD51E832290FC437007DFCC0 /* AppDelegate.swift in Sources */ = {isa = PBXBuildFile; fileRef = BD51E831290FC437007DFCC0 /* AppDelegate.swift */; };
		BD51E834290FC437007DFCC0 /* SceneDelegate.swift in Sources */ = {isa = PBXBuildFile; fileRef = BD51E833290FC437007DFCC0 /* SceneDelegate.swift */; };
		BD51E83B290FC439007DFCC0 /* Assets.xcassets in Resources */ = {isa = PBXBuildFile; fileRef = BD51E83A290FC439007DFCC0 /* Assets.xcassets */; };
		BD51E83E290FC439007DFCC0 /* LaunchScreen.storyboard in Resources */ = {isa = PBXBuildFile; fileRef = BD51E83C290FC439007DFCC0 /* LaunchScreen.storyboard */; };
		BD64AAF7292B6E76001653A1 /* AddItemDetailVC.swift in Sources */ = {isa = PBXBuildFile; fileRef = BD64AAF5292B6E76001653A1 /* AddItemDetailVC.swift */; };
		BD64AAF8292B6E76001653A1 /* AddItemDetailVC.xib in Resources */ = {isa = PBXBuildFile; fileRef = BD64AAF6292B6E76001653A1 /* AddItemDetailVC.xib */; };
		BD64AAFB292B6EEF001653A1 /* SelectItemCell.swift in Sources */ = {isa = PBXBuildFile; fileRef = BD64AAF9292B6EEF001653A1 /* SelectItemCell.swift */; };
		BD64AAFC292B6EEF001653A1 /* SelectItemCell.xib in Resources */ = {isa = PBXBuildFile; fileRef = BD64AAFA292B6EEF001653A1 /* SelectItemCell.xib */; };
		BD64AAFF292B6F6E001653A1 /* ItemNameCell.swift in Sources */ = {isa = PBXBuildFile; fileRef = BD64AAFD292B6F6E001653A1 /* ItemNameCell.swift */; };
		BD64AB00292B6F6E001653A1 /* ItemNameCell.xib in Resources */ = {isa = PBXBuildFile; fileRef = BD64AAFE292B6F6E001653A1 /* ItemNameCell.xib */; };
		BD64AB03292B6F83001653A1 /* InitialDateCell.swift in Sources */ = {isa = PBXBuildFile; fileRef = BD64AB01292B6F83001653A1 /* InitialDateCell.swift */; };
		BD64AB04292B6F83001653A1 /* InitialDateCell.xib in Resources */ = {isa = PBXBuildFile; fileRef = BD64AB02292B6F83001653A1 /* InitialDateCell.xib */; };
		BD64AB07292B6FA3001653A1 /* IntervalTimeCell.swift in Sources */ = {isa = PBXBuildFile; fileRef = BD64AB05292B6FA3001653A1 /* IntervalTimeCell.swift */; };
		BD64AB08292B6FA3001653A1 /* IntervalTimeCell.xib in Resources */ = {isa = PBXBuildFile; fileRef = BD64AB06292B6FA3001653A1 /* IntervalTimeCell.xib */; };
		BDCDF6CA291A457E001BD533 /* AllItemsViewController.swift in Sources */ = {isa = PBXBuildFile; fileRef = BDCDF6C8291A457E001BD533 /* AllItemsViewController.swift */; };
		BDCDF6CB291A457E001BD533 /* AllItemsViewController.xib in Resources */ = {isa = PBXBuildFile; fileRef = BDCDF6C9291A457E001BD533 /* AllItemsViewController.xib */; };
		BDF69A042930C06D00AC594C /* MasterPlace.swift in Sources */ = {isa = PBXBuildFile; fileRef = BDF69A032930C06D00AC594C /* MasterPlace.swift */; };
		BDF69A062930C0D100AC594C /* Area.swift in Sources */ = {isa = PBXBuildFile; fileRef = BDF69A052930C0D100AC594C /* Area.swift */; };
		BDF69A082930C14200AC594C /* MasterActivity.swift in Sources */ = {isa = PBXBuildFile; fileRef = BDF69A072930C14200AC594C /* MasterActivity.swift */; };
		BDF69A0A2930C18600AC594C /* ItemActivity.swift in Sources */ = {isa = PBXBuildFile; fileRef = BDF69A092930C18600AC594C /* ItemActivity.swift */; };
		BDF69A0C2930C33800AC594C /* MasterInterval.swift in Sources */ = {isa = PBXBuildFile; fileRef = BDF69A0B2930C33800AC594C /* MasterInterval.swift */; };
		BDF69A0F2930C6CB00AC594C /* MasterPlaceRepository.swift in Sources */ = {isa = PBXBuildFile; fileRef = BDF69A0E2930C6CB00AC594C /* MasterPlaceRepository.swift */; };
		BDF69A112930C9CC00AC594C /* AreaRepository.swift in Sources */ = {isa = PBXBuildFile; fileRef = BDF69A102930C9CC00AC594C /* AreaRepository.swift */; };
		BDF69A132930CCC800AC594C /* MasterActivityRepository.swift in Sources */ = {isa = PBXBuildFile; fileRef = BDF69A122930CCC800AC594C /* MasterActivityRepository.swift */; };
		BDF69A152930D0CD00AC594C /* ItemRepository.swift in Sources */ = {isa = PBXBuildFile; fileRef = BDF69A142930D0CD00AC594C /* ItemRepository.swift */; };
		BDF69A172930D40900AC594C /* MasterIntervalRepository.swift in Sources */ = {isa = PBXBuildFile; fileRef = BDF69A162930D40900AC594C /* MasterIntervalRepository.swift */; };
		BDF69A1A2930DCB900AC594C /* BranchAreaViewModel.swift in Sources */ = {isa = PBXBuildFile; fileRef = BDF69A192930DCB900AC594C /* BranchAreaViewModel.swift */; };
		BDF69A1C2930E31B00AC594C /* AddItemDetailViewModel.swift in Sources */ = {isa = PBXBuildFile; fileRef = BDF69A1B2930E31B00AC594C /* AddItemDetailViewModel.swift */; };
		BDFAB4102934A871007C1F9F /* CardAreaCellCollectionViewCell.swift in Sources */ = {isa = PBXBuildFile; fileRef = BDFAB40E2934A871007C1F9F /* CardAreaCellCollectionViewCell.swift */; };
		BDFAB4112934A871007C1F9F /* CardAreaCellCollectionViewCell.xib in Resources */ = {isa = PBXBuildFile; fileRef = BDFAB40F2934A871007C1F9F /* CardAreaCellCollectionViewCell.xib */; };
/* End PBXBuildFile section */

/* Begin PBXFileReference section */
		660E078729213E7E002201A3 /* ThrophyTableViewCell.swift */ = {isa = PBXFileReference; lastKnownFileType = sourcecode.swift; path = ThrophyTableViewCell.swift; sourceTree = "<group>"; };
		660E078829213E7E002201A3 /* ThrophyTableViewCell.xib */ = {isa = PBXFileReference; lastKnownFileType = file.xib; path = ThrophyTableViewCell.xib; sourceTree = "<group>"; };
		66280C3B2921444400C63CC6 /* ThropiesTableViewCell.swift */ = {isa = PBXFileReference; lastKnownFileType = sourcecode.swift; path = ThropiesTableViewCell.swift; sourceTree = "<group>"; };
		66280C3C2921444400C63CC6 /* ThropiesTableViewCell.xib */ = {isa = PBXFileReference; lastKnownFileType = file.xib; path = ThropiesTableViewCell.xib; sourceTree = "<group>"; };
		66280C3F2921456D00C63CC6 /* BadgesCreateViewController.swift */ = {isa = PBXFileReference; lastKnownFileType = sourcecode.swift; path = BadgesCreateViewController.swift; sourceTree = "<group>"; };
		66280C402921456D00C63CC6 /* BadgesCreateViewController.xib */ = {isa = PBXFileReference; lastKnownFileType = file.xib; path = BadgesCreateViewController.xib; sourceTree = "<group>"; };
		663A3F3929211B0B0059C2F3 /* BranchAreaViewController.swift */ = {isa = PBXFileReference; lastKnownFileType = sourcecode.swift; path = BranchAreaViewController.swift; sourceTree = "<group>"; };
		663A3F3A29211B0B0059C2F3 /* BranchAreaViewController.xib */ = {isa = PBXFileReference; lastKnownFileType = file.xib; path = BranchAreaViewController.xib; sourceTree = "<group>"; };
		663A3F3D29211FED0059C2F3 /* TodaysScheduleViewController.swift */ = {isa = PBXFileReference; lastKnownFileType = sourcecode.swift; path = TodaysScheduleViewController.swift; sourceTree = "<group>"; };
		663A3F3E29211FED0059C2F3 /* TodaysScheduleViewController.xib */ = {isa = PBXFileReference; lastKnownFileType = file.xib; path = TodaysScheduleViewController.xib; sourceTree = "<group>"; };
		663A3F43292123FB0059C2F3 /* BadgesFinishedViewController.swift */ = {isa = PBXFileReference; lastKnownFileType = sourcecode.swift; path = BadgesFinishedViewController.swift; sourceTree = "<group>"; };
		663A3F44292123FB0059C2F3 /* BadgesFinishedViewController.xib */ = {isa = PBXFileReference; lastKnownFileType = file.xib; path = BadgesFinishedViewController.xib; sourceTree = "<group>"; };
		663A3F48292126C50059C2F3 /* ProfileViewController.swift */ = {isa = PBXFileReference; lastKnownFileType = sourcecode.swift; path = ProfileViewController.swift; sourceTree = "<group>"; };
		663A3F49292126C50059C2F3 /* ProfileViewController.xib */ = {isa = PBXFileReference; lastKnownFileType = file.xib; path = ProfileViewController.xib; sourceTree = "<group>"; };
		663A3F51292136FF0059C2F3 /* AboutTableViewCell.swift */ = {isa = PBXFileReference; lastKnownFileType = sourcecode.swift; path = AboutTableViewCell.swift; sourceTree = "<group>"; };
		663A3F52292136FF0059C2F3 /* AboutTableViewCell.xib */ = {isa = PBXFileReference; lastKnownFileType = file.xib; path = AboutTableViewCell.xib; sourceTree = "<group>"; };
		66402160291BAF94001442D2 /* TagAllAreaTableViewCell.swift */ = {isa = PBXFileReference; lastKnownFileType = sourcecode.swift; path = TagAllAreaTableViewCell.swift; sourceTree = "<group>"; };
		66402161291BAF94001442D2 /* TagAllAreaTableViewCell.xib */ = {isa = PBXFileReference; lastKnownFileType = file.xib; path = TagAllAreaTableViewCell.xib; sourceTree = "<group>"; };
		66698756291D112700F865ED /* Launch Screen.storyboard */ = {isa = PBXFileReference; lastKnownFileType = file.storyboard; path = "Launch Screen.storyboard"; sourceTree = "<group>"; };
		666C9070291D3E1D00AB065D /* AddAreaViewController.swift */ = {isa = PBXFileReference; lastKnownFileType = sourcecode.swift; path = AddAreaViewController.swift; sourceTree = "<group>"; };
		666C9071291D3E1D00AB065D /* AddAreaViewController.xib */ = {isa = PBXFileReference; lastKnownFileType = file.xib; path = AddAreaViewController.xib; sourceTree = "<group>"; };
		668F2631292276ED00412735 /* LearderBoardInfoTableViewCell.swift */ = {isa = PBXFileReference; lastKnownFileType = sourcecode.swift; path = LearderBoardInfoTableViewCell.swift; sourceTree = "<group>"; };
		668F2632292276ED00412735 /* LearderBoardInfoTableViewCell.xib */ = {isa = PBXFileReference; lastKnownFileType = file.xib; path = LearderBoardInfoTableViewCell.xib; sourceTree = "<group>"; };
		668F2635292279B000412735 /* RankNamePointTableViewCell.swift */ = {isa = PBXFileReference; lastKnownFileType = sourcecode.swift; path = RankNamePointTableViewCell.swift; sourceTree = "<group>"; };
		668F2636292279B000412735 /* RankNamePointTableViewCell.xib */ = {isa = PBXFileReference; lastKnownFileType = file.xib; path = RankNamePointTableViewCell.xib; sourceTree = "<group>"; };
		668F263929227BC200412735 /* RankTableViewCell.swift */ = {isa = PBXFileReference; lastKnownFileType = sourcecode.swift; path = RankTableViewCell.swift; sourceTree = "<group>"; };
		668F263A29227BC200412735 /* RankTableViewCell.xib */ = {isa = PBXFileReference; lastKnownFileType = file.xib; path = RankTableViewCell.xib; sourceTree = "<group>"; };
		668F263D29228A4900412735 /* DetailTaskTableViewCell.swift */ = {isa = PBXFileReference; lastKnownFileType = sourcecode.swift; path = DetailTaskTableViewCell.swift; sourceTree = "<group>"; };
		668F263E29228A4900412735 /* DetailTaskTableViewCell.xib */ = {isa = PBXFileReference; lastKnownFileType = file.xib; path = DetailTaskTableViewCell.xib; sourceTree = "<group>"; };
		668F264129228BB500412735 /* DetailTaskTagTableViewCell.swift */ = {isa = PBXFileReference; lastKnownFileType = sourcecode.swift; path = DetailTaskTagTableViewCell.swift; sourceTree = "<group>"; };
		668F264229228BB500412735 /* DetailTaskTagTableViewCell.xib */ = {isa = PBXFileReference; lastKnownFileType = file.xib; path = DetailTaskTagTableViewCell.xib; sourceTree = "<group>"; };
		668F264529228C4E00412735 /* DescriptionTableViewCell.swift */ = {isa = PBXFileReference; lastKnownFileType = sourcecode.swift; path = DescriptionTableViewCell.swift; sourceTree = "<group>"; };
		668F264629228C4E00412735 /* DescriptionTableViewCell.xib */ = {isa = PBXFileReference; lastKnownFileType = file.xib; path = DescriptionTableViewCell.xib; sourceTree = "<group>"; };
		668F264929228D2B00412735 /* RewardTableViewCell.swift */ = {isa = PBXFileReference; lastKnownFileType = sourcecode.swift; path = RewardTableViewCell.swift; sourceTree = "<group>"; };
		668F264A29228D2B00412735 /* RewardTableViewCell.xib */ = {isa = PBXFileReference; lastKnownFileType = file.xib; path = RewardTableViewCell.xib; sourceTree = "<group>"; };
		66BA5149292E050400014473 /* MainViewController.swift */ = {isa = PBXFileReference; lastKnownFileType = sourcecode.swift; path = MainViewController.swift; sourceTree = "<group>"; };
		66BA514A292E050400014473 /* MainViewController.xib */ = {isa = PBXFileReference; lastKnownFileType = file.xib; path = MainViewController.xib; sourceTree = "<group>"; };
		66BCE377291A61E300021E8A /* ScheduleViewController.swift */ = {isa = PBXFileReference; lastKnownFileType = sourcecode.swift; path = ScheduleViewController.swift; sourceTree = "<group>"; };
		66BCE378291A61E300021E8A /* ScheduleViewController.xib */ = {isa = PBXFileReference; lastKnownFileType = file.xib; path = ScheduleViewController.xib; sourceTree = "<group>"; };
		66BCE37B291A64CB00021E8A /* TitleScheduleTableViewCell.swift */ = {isa = PBXFileReference; lastKnownFileType = sourcecode.swift; path = TitleScheduleTableViewCell.swift; sourceTree = "<group>"; };
		66BCE37C291A64CB00021E8A /* TitleScheduleTableViewCell.xib */ = {isa = PBXFileReference; lastKnownFileType = file.xib; path = TitleScheduleTableViewCell.xib; sourceTree = "<group>"; };
		66C6FD05291A35770068D08B /* SignInUiViewController.swift */ = {isa = PBXFileReference; lastKnownFileType = sourcecode.swift; path = SignInUiViewController.swift; sourceTree = "<group>"; };
		66C6FD06291A35770068D08B /* SignInUiViewController.xib */ = {isa = PBXFileReference; lastKnownFileType = file.xib; path = SignInUiViewController.xib; sourceTree = "<group>"; };
		66C6FD0D291A36490068D08B /* AfterSignInViewController.swift */ = {isa = PBXFileReference; lastKnownFileType = sourcecode.swift; path = AfterSignInViewController.swift; sourceTree = "<group>"; };
		66C6FD0E291A36490068D08B /* AfterSignInViewController.xib */ = {isa = PBXFileReference; lastKnownFileType = file.xib; path = AfterSignInViewController.xib; sourceTree = "<group>"; };
		66C6FD11291A38FE0068D08B /* TagScheduleTableViewCell.swift */ = {isa = PBXFileReference; lastKnownFileType = sourcecode.swift; path = TagScheduleTableViewCell.swift; sourceTree = "<group>"; };
		66C6FD12291A38FE0068D08B /* TagScheduleTableViewCell.xib */ = {isa = PBXFileReference; lastKnownFileType = file.xib; path = TagScheduleTableViewCell.xib; sourceTree = "<group>"; };
		66C6FD15291A3A2C0068D08B /* TitleAllAreaTableViewCell.swift */ = {isa = PBXFileReference; lastKnownFileType = sourcecode.swift; path = TitleAllAreaTableViewCell.swift; sourceTree = "<group>"; };
		66C6FD16291A3A2C0068D08B /* TitleAllAreaTableViewCell.xib */ = {isa = PBXFileReference; lastKnownFileType = file.xib; path = TitleAllAreaTableViewCell.xib; sourceTree = "<group>"; };
		66C6FD19291A3C6E0068D08B /* TitleAllScheduleTableViewCell.swift */ = {isa = PBXFileReference; lastKnownFileType = sourcecode.swift; path = TitleAllScheduleTableViewCell.swift; sourceTree = "<group>"; };
		66C6FD1A291A3C6E0068D08B /* TitleAllScheduleTableViewCell.xib */ = {isa = PBXFileReference; lastKnownFileType = file.xib; path = TitleAllScheduleTableViewCell.xib; sourceTree = "<group>"; };
		66C6FD1D291A3C8A0068D08B /* TagAllScheduleTableViewCell.swift */ = {isa = PBXFileReference; lastKnownFileType = sourcecode.swift; path = TagAllScheduleTableViewCell.swift; sourceTree = "<group>"; };
		66C6FD1E291A3C8A0068D08B /* TagAllScheduleTableViewCell.xib */ = {isa = PBXFileReference; lastKnownFileType = file.xib; path = TagAllScheduleTableViewCell.xib; sourceTree = "<group>"; };
		66CE2C5D2921D1C8007BD8E1 /* EndYearViewController.swift */ = {isa = PBXFileReference; lastKnownFileType = sourcecode.swift; path = EndYearViewController.swift; sourceTree = "<group>"; };
		66CE2C5E2921D1C8007BD8E1 /* EndYearViewController.xib */ = {isa = PBXFileReference; lastKnownFileType = file.xib; path = EndYearViewController.xib; sourceTree = "<group>"; };
		66CE2C652921F484007BD8E1 /* TagEmptyScheduleTableViewCell.swift */ = {isa = PBXFileReference; lastKnownFileType = sourcecode.swift; path = TagEmptyScheduleTableViewCell.swift; sourceTree = "<group>"; };
		66CE2C662921F484007BD8E1 /* TagEmptyScheduleTableViewCell.xib */ = {isa = PBXFileReference; lastKnownFileType = file.xib; path = TagEmptyScheduleTableViewCell.xib; sourceTree = "<group>"; };
		66F4BE70292FC569004CF4A6 /* ActivitiesTableViewCell.swift */ = {isa = PBXFileReference; lastKnownFileType = sourcecode.swift; path = ActivitiesTableViewCell.swift; sourceTree = "<group>"; };
		66F4BE71292FC569004CF4A6 /* ActivitiesTableViewCell.xib */ = {isa = PBXFileReference; lastKnownFileType = file.xib; path = ActivitiesTableViewCell.xib; sourceTree = "<group>"; };
		BD1F467C2923727800B646F1 /* AllAreasVC.swift */ = {isa = PBXFileReference; lastKnownFileType = sourcecode.swift; path = AllAreasVC.swift; sourceTree = "<group>"; };
		BD1F467D2923727800B646F1 /* AllAreasVC.xib */ = {isa = PBXFileReference; lastKnownFileType = file.xib; path = AllAreasVC.xib; sourceTree = "<group>"; };
		BD1F4681292372F600B646F1 /* AddAreasListVC.swift */ = {isa = PBXFileReference; lastKnownFileType = sourcecode.swift; path = AddAreasListVC.swift; sourceTree = "<group>"; };
		BD1F4682292372F600B646F1 /* AddAreasListVC.xib */ = {isa = PBXFileReference; lastKnownFileType = file.xib; path = AddAreasListVC.xib; sourceTree = "<group>"; };
		BD1F46862923734E00B646F1 /* AddAreaListTableViewCell.swift */ = {isa = PBXFileReference; lastKnownFileType = sourcecode.swift; path = AddAreaListTableViewCell.swift; sourceTree = "<group>"; };
		BD1F46872923734E00B646F1 /* AddAreaListTableViewCell.xib */ = {isa = PBXFileReference; lastKnownFileType = file.xib; path = AddAreaListTableViewCell.xib; sourceTree = "<group>"; };
		BD102B53292E0C9C00A29811 /* Date+Extension.swift */ = {isa = PBXFileReference; lastKnownFileType = sourcecode.swift; path = "Date+Extension.swift"; sourceTree = "<group>"; };
		BD102B5B292E1C5400A29811 /* CardItemCell.swift */ = {isa = PBXFileReference; lastKnownFileType = sourcecode.swift; path = CardItemCell.swift; sourceTree = "<group>"; };
		BD102B5C292E1C5400A29811 /* CardItemCell.xib */ = {isa = PBXFileReference; lastKnownFileType = file.xib; path = CardItemCell.xib; sourceTree = "<group>"; };
		BD102B56292E1C1000A29811 /* ListItemVC.swift */ = {isa = PBXFileReference; lastKnownFileType = sourcecode.swift; path = ListItemVC.swift; sourceTree = "<group>"; };
		BD102B57292E1C1000A29811 /* ListItemVC.xib */ = {isa = PBXFileReference; lastKnownFileType = file.xib; path = ListItemVC.xib; sourceTree = "<group>"; };
		BD1F468B2923753000B646F1 /* ChallengesVC.swift */ = {isa = PBXFileReference; lastKnownFileType = sourcecode.swift; path = ChallengesVC.swift; sourceTree = "<group>"; };
		BD1F468C2923753000B646F1 /* ChallengesVC.xib */ = {isa = PBXFileReference; lastKnownFileType = file.xib; path = ChallengesVC.xib; sourceTree = "<group>"; };
		BD51E82E290FC437007DFCC0 /* Reclean.app */ = {isa = PBXFileReference; explicitFileType = wrapper.application; includeInIndex = 0; path = Reclean.app; sourceTree = BUILT_PRODUCTS_DIR; };
		BD51E831290FC437007DFCC0 /* AppDelegate.swift */ = {isa = PBXFileReference; lastKnownFileType = sourcecode.swift; path = AppDelegate.swift; sourceTree = "<group>"; };
		BD51E833290FC437007DFCC0 /* SceneDelegate.swift */ = {isa = PBXFileReference; lastKnownFileType = sourcecode.swift; path = SceneDelegate.swift; sourceTree = "<group>"; };
		BD51E83A290FC439007DFCC0 /* Assets.xcassets */ = {isa = PBXFileReference; lastKnownFileType = folder.assetcatalog; path = Assets.xcassets; sourceTree = "<group>"; };
		BD51E83D290FC439007DFCC0 /* Base */ = {isa = PBXFileReference; lastKnownFileType = file.storyboard; name = Base; path = Base.lproj/LaunchScreen.storyboard; sourceTree = "<group>"; };
		BD51E83F290FC439007DFCC0 /* Info.plist */ = {isa = PBXFileReference; lastKnownFileType = text.plist.xml; path = Info.plist; sourceTree = "<group>"; };
		BD64AAF5292B6E76001653A1 /* AddItemDetailVC.swift */ = {isa = PBXFileReference; lastKnownFileType = sourcecode.swift; path = AddItemDetailVC.swift; sourceTree = "<group>"; };
		BD64AAF6292B6E76001653A1 /* AddItemDetailVC.xib */ = {isa = PBXFileReference; lastKnownFileType = file.xib; path = AddItemDetailVC.xib; sourceTree = "<group>"; };
		BD64AAF9292B6EEF001653A1 /* SelectItemCell.swift */ = {isa = PBXFileReference; lastKnownFileType = sourcecode.swift; path = SelectItemCell.swift; sourceTree = "<group>"; };
		BD64AAFA292B6EEF001653A1 /* SelectItemCell.xib */ = {isa = PBXFileReference; lastKnownFileType = file.xib; path = SelectItemCell.xib; sourceTree = "<group>"; };
		BD64AAFD292B6F6E001653A1 /* ItemNameCell.swift */ = {isa = PBXFileReference; lastKnownFileType = sourcecode.swift; path = ItemNameCell.swift; sourceTree = "<group>"; };
		BD64AAFE292B6F6E001653A1 /* ItemNameCell.xib */ = {isa = PBXFileReference; lastKnownFileType = file.xib; path = ItemNameCell.xib; sourceTree = "<group>"; };
		BD64AB01292B6F83001653A1 /* InitialDateCell.swift */ = {isa = PBXFileReference; lastKnownFileType = sourcecode.swift; path = InitialDateCell.swift; sourceTree = "<group>"; };
		BD64AB02292B6F83001653A1 /* InitialDateCell.xib */ = {isa = PBXFileReference; lastKnownFileType = file.xib; path = InitialDateCell.xib; sourceTree = "<group>"; };
		BD64AB05292B6FA3001653A1 /* IntervalTimeCell.swift */ = {isa = PBXFileReference; lastKnownFileType = sourcecode.swift; path = IntervalTimeCell.swift; sourceTree = "<group>"; };
		BD64AB06292B6FA3001653A1 /* IntervalTimeCell.xib */ = {isa = PBXFileReference; lastKnownFileType = file.xib; path = IntervalTimeCell.xib; sourceTree = "<group>"; };
		BDCDF6C8291A457E001BD533 /* AllItemsViewController.swift */ = {isa = PBXFileReference; lastKnownFileType = sourcecode.swift; path = AllItemsViewController.swift; sourceTree = "<group>"; };
		BDCDF6C9291A457E001BD533 /* AllItemsViewController.xib */ = {isa = PBXFileReference; lastKnownFileType = file.xib; path = AllItemsViewController.xib; sourceTree = "<group>"; };
		BDF69A032930C06D00AC594C /* MasterPlace.swift */ = {isa = PBXFileReference; lastKnownFileType = sourcecode.swift; path = MasterPlace.swift; sourceTree = "<group>"; };
		BDF69A052930C0D100AC594C /* Area.swift */ = {isa = PBXFileReference; lastKnownFileType = sourcecode.swift; path = Area.swift; sourceTree = "<group>"; };
		BDF69A072930C14200AC594C /* MasterActivity.swift */ = {isa = PBXFileReference; lastKnownFileType = sourcecode.swift; path = MasterActivity.swift; sourceTree = "<group>"; };
		BDF69A092930C18600AC594C /* ItemActivity.swift */ = {isa = PBXFileReference; lastKnownFileType = sourcecode.swift; path = ItemActivity.swift; sourceTree = "<group>"; };
		BDF69A0B2930C33800AC594C /* MasterInterval.swift */ = {isa = PBXFileReference; lastKnownFileType = sourcecode.swift; path = MasterInterval.swift; sourceTree = "<group>"; };
		BDF69A0E2930C6CB00AC594C /* MasterPlaceRepository.swift */ = {isa = PBXFileReference; lastKnownFileType = sourcecode.swift; path = MasterPlaceRepository.swift; sourceTree = "<group>"; };
		BDF69A102930C9CC00AC594C /* AreaRepository.swift */ = {isa = PBXFileReference; lastKnownFileType = sourcecode.swift; path = AreaRepository.swift; sourceTree = "<group>"; };
		BDF69A122930CCC800AC594C /* MasterActivityRepository.swift */ = {isa = PBXFileReference; lastKnownFileType = sourcecode.swift; path = MasterActivityRepository.swift; sourceTree = "<group>"; };
		BDF69A142930D0CD00AC594C /* ItemRepository.swift */ = {isa = PBXFileReference; lastKnownFileType = sourcecode.swift; path = ItemRepository.swift; sourceTree = "<group>"; };
		BDF69A162930D40900AC594C /* MasterIntervalRepository.swift */ = {isa = PBXFileReference; lastKnownFileType = sourcecode.swift; path = MasterIntervalRepository.swift; sourceTree = "<group>"; };
		BDF69A192930DCB900AC594C /* BranchAreaViewModel.swift */ = {isa = PBXFileReference; lastKnownFileType = sourcecode.swift; path = BranchAreaViewModel.swift; sourceTree = "<group>"; };
		BDF69A1B2930E31B00AC594C /* AddItemDetailViewModel.swift */ = {isa = PBXFileReference; lastKnownFileType = sourcecode.swift; path = AddItemDetailViewModel.swift; sourceTree = "<group>"; };
		BDFAB40E2934A871007C1F9F /* CardAreaCellCollectionViewCell.swift */ = {isa = PBXFileReference; lastKnownFileType = sourcecode.swift; path = CardAreaCellCollectionViewCell.swift; sourceTree = "<group>"; };
		BDFAB40F2934A871007C1F9F /* CardAreaCellCollectionViewCell.xib */ = {isa = PBXFileReference; lastKnownFileType = file.xib; path = CardAreaCellCollectionViewCell.xib; sourceTree = "<group>"; };
/* End PBXFileReference section */

/* Begin PBXFrameworksBuildPhase section */
		BD51E82B290FC437007DFCC0 /* Frameworks */ = {
			isa = PBXFrameworksBuildPhase;
			buildActionMask = 2147483647;
			files = (
			);
			runOnlyForDeploymentPostprocessing = 0;
		};
/* End PBXFrameworksBuildPhase section */

/* Begin PBXGroup section */
		663A3F332920F6C30059C2F3 /* Cell */ = {
			isa = PBXGroup;
			children = (
				66BCE37C291A64CB00021E8A /* TitleScheduleTableViewCell.xib */,
				66BCE37B291A64CB00021E8A /* TitleScheduleTableViewCell.swift */,
				66C6FD12291A38FE0068D08B /* TagScheduleTableViewCell.xib */,
				66C6FD11291A38FE0068D08B /* TagScheduleTableViewCell.swift */,
				66C6FD16291A3A2C0068D08B /* TitleAllAreaTableViewCell.xib */,
				66C6FD15291A3A2C0068D08B /* TitleAllAreaTableViewCell.swift */,
				66402161291BAF94001442D2 /* TagAllAreaTableViewCell.xib */,
				66402160291BAF94001442D2 /* TagAllAreaTableViewCell.swift */,
				66C6FD1A291A3C6E0068D08B /* TitleAllScheduleTableViewCell.xib */,
				66C6FD19291A3C6E0068D08B /* TitleAllScheduleTableViewCell.swift */,
				66C6FD1E291A3C8A0068D08B /* TagAllScheduleTableViewCell.xib */,
				66C6FD1D291A3C8A0068D08B /* TagAllScheduleTableViewCell.swift */,
				66CE2C662921F484007BD8E1 /* TagEmptyScheduleTableViewCell.xib */,
				66CE2C652921F484007BD8E1 /* TagEmptyScheduleTableViewCell.swift */,
			);
			path = Cell;
			sourceTree = "<group>";
		};
		663A3F412921230B0059C2F3 /* Badges */ = {
			isa = PBXGroup;
			children = (
				663A3F43292123FB0059C2F3 /* BadgesFinishedViewController.swift */,
				663A3F44292123FB0059C2F3 /* BadgesFinishedViewController.xib */,
				66280C3F2921456D00C63CC6 /* BadgesCreateViewController.swift */,
				66280C402921456D00C63CC6 /* BadgesCreateViewController.xib */,
			);
			path = Badges;
			sourceTree = "<group>";
		};
		663A3F47292126B40059C2F3 /* Profile */ = {
			isa = PBXGroup;
			children = (
				663A3F48292126C50059C2F3 /* ProfileViewController.swift */,
				663A3F49292126C50059C2F3 /* ProfileViewController.xib */,
				663A3F50292135EC0059C2F3 /* Cell */,
			);
			path = Profile;
			sourceTree = "<group>";
		};
		663A3F50292135EC0059C2F3 /* Cell */ = {
			isa = PBXGroup;
			children = (
				663A3F52292136FF0059C2F3 /* AboutTableViewCell.xib */,
				663A3F51292136FF0059C2F3 /* AboutTableViewCell.swift */,
				660E078829213E7E002201A3 /* ThrophyTableViewCell.xib */,
				660E078729213E7E002201A3 /* ThrophyTableViewCell.swift */,
				66280C3C2921444400C63CC6 /* ThropiesTableViewCell.xib */,
				66280C3B2921444400C63CC6 /* ThropiesTableViewCell.swift */,
				66F4BE71292FC569004CF4A6 /* ActivitiesTableViewCell.xib */,
				66F4BE70292FC569004CF4A6 /* ActivitiesTableViewCell.swift */,
			);
			path = Cell;
			sourceTree = "<group>";
		};
		668F2630292276BA00412735 /* Cell */ = {
			isa = PBXGroup;
			children = (
				668F2631292276ED00412735 /* LearderBoardInfoTableViewCell.swift */,
				668F2632292276ED00412735 /* LearderBoardInfoTableViewCell.xib */,
				668F2635292279B000412735 /* RankNamePointTableViewCell.swift */,
				668F2636292279B000412735 /* RankNamePointTableViewCell.xib */,
				668F263929227BC200412735 /* RankTableViewCell.swift */,
				668F263A29227BC200412735 /* RankTableViewCell.xib */,
				668F263D29228A4900412735 /* DetailTaskTableViewCell.swift */,
				668F263E29228A4900412735 /* DetailTaskTableViewCell.xib */,
				668F264129228BB500412735 /* DetailTaskTagTableViewCell.swift */,
				668F264229228BB500412735 /* DetailTaskTagTableViewCell.xib */,
				668F264529228C4E00412735 /* DescriptionTableViewCell.swift */,
				668F264629228C4E00412735 /* DescriptionTableViewCell.xib */,
				668F264929228D2B00412735 /* RewardTableViewCell.swift */,
				668F264A29228D2B00412735 /* RewardTableViewCell.xib */,
			);
			path = Cell;
			sourceTree = "<group>";
		};
		66C6FD03291A32780068D08B /* OnBoarding */ = {
			isa = PBXGroup;
			children = (
				66C6FD06291A35770068D08B /* SignInUiViewController.xib */,
				66C6FD05291A35770068D08B /* SignInUiViewController.swift */,
				66C6FD0E291A36490068D08B /* AfterSignInViewController.xib */,
				66C6FD0D291A36490068D08B /* AfterSignInViewController.swift */,
				666C9071291D3E1D00AB065D /* AddAreaViewController.xib */,
				666C9070291D3E1D00AB065D /* AddAreaViewController.swift */,
				66BA514A292E050400014473 /* MainViewController.xib */,
				66BA5149292E050400014473 /* MainViewController.swift */,
			);
			path = OnBoarding;
			sourceTree = "<group>";
		};
		66C6FD04291A32C30068D08B /* Schedule */ = {
			isa = PBXGroup;
			children = (
				BDF69A182930DC7B00AC594C /* BranchArea */,
				66BCE378291A61E300021E8A /* ScheduleViewController.xib */,
				66BCE377291A61E300021E8A /* ScheduleViewController.swift */,
				663A3F3A29211B0B0059C2F3 /* BranchAreaViewController.xib */,
				663A3F3929211B0B0059C2F3 /* BranchAreaViewController.swift */,
				663A3F3E29211FED0059C2F3 /* TodaysScheduleViewController.xib */,
				663A3F3D29211FED0059C2F3 /* TodaysScheduleViewController.swift */,
				663A3F332920F6C30059C2F3 /* Cell */,
			);
			path = Schedule;
			sourceTree = "<group>";
		};
		66CE2C5C2921D19F007BD8E1 /* Challenges */ = {
			isa = PBXGroup;
			children = (
				66CE2C5D2921D1C8007BD8E1 /* EndYearViewController.swift */,
				66CE2C5E2921D1C8007BD8E1 /* EndYearViewController.xib */,
				668F2630292276BA00412735 /* Cell */,
			);
			path = Challenges;
			sourceTree = "<group>";
		};
		BD102B52292E0C8200A29811 /* Utils */ = {
			isa = PBXGroup;
			children = (
				BD102B53292E0C9C00A29811 /* Date+Extension.swift */,
			);
			path = Utils;
			sourceTree = "<group>";
		};
		BD102B55292E1BEB00A29811 /* ListItem */ = {
			isa = PBXGroup;
			children = (
				BD102B5A292E1C3700A29811 /* Cell */,
				BD102B56292E1C1000A29811 /* ListItemVC.swift */,
				BD102B57292E1C1000A29811 /* ListItemVC.xib */,
			);
			path = ListItem;
			sourceTree = "<group>";
		};
		BD102B5A292E1C3700A29811 /* Cell */ = {
			isa = PBXGroup;
			children = (
				BD102B5B292E1C5400A29811 /* CardItemCell.swift */,
				BD102B5C292E1C5400A29811 /* CardItemCell.xib */,
			);
			path = Cell;
			sourceTree = "<group>";
		};
		BD1F46712923719500B646F1 /* AddItemDetails */ = {
			isa = PBXGroup;
			children = (
				BD1F4676292371F900B646F1 /* Cells */,
				BD64AAF5292B6E76001653A1 /* AddItemDetailVC.swift */,
				BD64AAF6292B6E76001653A1 /* AddItemDetailVC.xib */,
				BDF69A1B2930E31B00AC594C /* AddItemDetailViewModel.swift */,
			);
			path = AddItemDetails;
			sourceTree = "<group>";
		};
		BD1F4676292371F900B646F1 /* Cells */ = {
			isa = PBXGroup;
			children = (
				BD64AAF9292B6EEF001653A1 /* SelectItemCell.swift */,
				BD64AAFA292B6EEF001653A1 /* SelectItemCell.xib */,
				BD64AAFD292B6F6E001653A1 /* ItemNameCell.swift */,
				BD64AAFE292B6F6E001653A1 /* ItemNameCell.xib */,
				BD64AB01292B6F83001653A1 /* InitialDateCell.swift */,
				BD64AB02292B6F83001653A1 /* InitialDateCell.xib */,
				BD64AB05292B6FA3001653A1 /* IntervalTimeCell.swift */,
				BD64AB06292B6FA3001653A1 /* IntervalTimeCell.xib */,
			);
			path = Cells;
			sourceTree = "<group>";
		};
		BD1F467B2923725D00B646F1 /* AllAreas */ = {
			isa = PBXGroup;
			children = (
				BD1F4680292372D600B646F1 /* AddAreasList */,
				BD1F467C2923727800B646F1 /* AllAreasVC.swift */,
				BD1F467D2923727800B646F1 /* AllAreasVC.xib */,
			);
			path = AllAreas;
			sourceTree = "<group>";
		};
		BD1F4680292372D600B646F1 /* AddAreasList */ = {
			isa = PBXGroup;
			children = (
				BD1F46852923732900B646F1 /* Cells */,
			);
			path = AddAreasList;
			sourceTree = "<group>";
		};
		BD1F46852923732900B646F1 /* Cells */ = {
			isa = PBXGroup;
			children = (
				BDFAB40E2934A871007C1F9F /* CardAreaCellCollectionViewCell.swift */,
				BDFAB40F2934A871007C1F9F /* CardAreaCellCollectionViewCell.xib */,
			);
			path = Cells;
			sourceTree = "<group>";
		};
		BD1F468A292374E800B646F1 /* TabChallenges */ = {
			isa = PBXGroup;
			children = (
				BDDCAAFB2924CE2700A28325 /* Cells */,
				BD1F468B2923753000B646F1 /* ChallengesVC.swift */,
				BD1F468C2923753000B646F1 /* ChallengesVC.xib */,
			);
			path = TabChallenges;
			sourceTree = "<group>";
		};
		BD51E825290FC437007DFCC0 = {
			isa = PBXGroup;
			children = (
				66698756291D112700F865ED /* Launch Screen.storyboard */,
				BD51E830290FC437007DFCC0 /* Reclean */,
				BD51E82F290FC437007DFCC0 /* Products */,
			);
			sourceTree = "<group>";
		};
		BD51E82F290FC437007DFCC0 /* Products */ = {
			isa = PBXGroup;
			children = (
				BD51E82E290FC437007DFCC0 /* Reclean.app */,
			);
			name = Products;
			sourceTree = "<group>";
		};
		BD51E830290FC437007DFCC0 /* Reclean */ = {
			isa = PBXGroup;
			children = (
				BDF69A0D2930C62B00AC594C /* Repositories */,
				BDF69A002930A99B00AC594C /* Models */,
				BD102B52292E0C8200A29811 /* Utils */,
				BD1F468A292374E800B646F1 /* TabChallenges */,
				BD1F467B2923725D00B646F1 /* AllAreas */,
				BDC1AD3B2920A76100481CB9 /* AreaDetails */,
				66CE2C5C2921D19F007BD8E1 /* Challenges */,
				663A3F47292126B40059C2F3 /* Profile */,
				BDCDF6C7291A453E001BD533 /* CleaningItems */,
				66C6FD04291A32C30068D08B /* Schedule */,
				66C6FD03291A32780068D08B /* OnBoarding */,
				663A3F412921230B0059C2F3 /* Badges */,
				BD51E831290FC437007DFCC0 /* AppDelegate.swift */,
				BD51E833290FC437007DFCC0 /* SceneDelegate.swift */,
				BD51E83A290FC439007DFCC0 /* Assets.xcassets */,
				BD51E83C290FC439007DFCC0 /* LaunchScreen.storyboard */,
				BD51E83F290FC439007DFCC0 /* Info.plist */,
			);
			path = Reclean;
			sourceTree = "<group>";
		};
		BDC1AD3B2920A76100481CB9 /* AreaDetails */ = {
			isa = PBXGroup;
			children = (
				BD102B55292E1BEB00A29811 /* ListItem */,
				BD1F46712923719500B646F1 /* AddItemDetails */,
			);
			path = AreaDetails;
			sourceTree = "<group>";
		};
		BDCDF6C7291A453E001BD533 /* CleaningItems */ = {
			isa = PBXGroup;
			children = (
				BDCDF6C8291A457E001BD533 /* AllItemsViewController.swift */,
				BDCDF6C9291A457E001BD533 /* AllItemsViewController.xib */,
			);
			path = CleaningItems;
			sourceTree = "<group>";
		};
		BDDCAAFB2924CE2700A28325 /* Cells */ = {
			isa = PBXGroup;
			children = (
			);
			path = Cells;
			sourceTree = "<group>";
		};
		BDF69A002930A99B00AC594C /* Models */ = {
			isa = PBXGroup;
			children = (
				BDF69A032930C06D00AC594C /* MasterPlace.swift */,
				BDF69A052930C0D100AC594C /* Area.swift */,
				BDF69A072930C14200AC594C /* MasterActivity.swift */,
				BDF69A092930C18600AC594C /* ItemActivity.swift */,
				BDF69A0B2930C33800AC594C /* MasterInterval.swift */,
			);
			path = Models;
			sourceTree = "<group>";
		};
		BDF69A0D2930C62B00AC594C /* Repositories */ = {
			isa = PBXGroup;
			children = (
				BDF69A0E2930C6CB00AC594C /* MasterPlaceRepository.swift */,
				BDF69A102930C9CC00AC594C /* AreaRepository.swift */,
				BDF69A122930CCC800AC594C /* MasterActivityRepository.swift */,
				BDF69A142930D0CD00AC594C /* ItemRepository.swift */,
				BDF69A162930D40900AC594C /* MasterIntervalRepository.swift */,
			);
			path = Repositories;
			sourceTree = "<group>";
		};
		BDF69A182930DC7B00AC594C /* BranchArea */ = {
			isa = PBXGroup;
			children = (
				663A3F3A29211B0B0059C2F3 /* BranchAreaViewController.xib */,
				663A3F3929211B0B0059C2F3 /* BranchAreaViewController.swift */,
				BDF69A192930DCB900AC594C /* BranchAreaViewModel.swift */,
			);
			path = BranchArea;
			sourceTree = "<group>";
		};
/* End PBXGroup section */

/* Begin PBXNativeTarget section */
		BD51E82D290FC437007DFCC0 /* Reclean */ = {
			isa = PBXNativeTarget;
			buildConfigurationList = BD51E842290FC439007DFCC0 /* Build configuration list for PBXNativeTarget "Reclean" */;
			buildPhases = (
				BD51E82A290FC437007DFCC0 /* Sources */,
				BD51E82B290FC437007DFCC0 /* Frameworks */,
				BD51E82C290FC437007DFCC0 /* Resources */,
			);
			buildRules = (
			);
			dependencies = (
			);
			name = Reclean;
			productName = Reclean;
			productReference = BD51E82E290FC437007DFCC0 /* Reclean.app */;
			productType = "com.apple.product-type.application";
		};
/* End PBXNativeTarget section */

/* Begin PBXProject section */
		BD51E826290FC437007DFCC0 /* Project object */ = {
			isa = PBXProject;
			attributes = {
				BuildIndependentTargetsInParallel = 1;
				LastSwiftUpdateCheck = 1340;
				LastUpgradeCheck = 1340;
				TargetAttributes = {
					BD51E82D290FC437007DFCC0 = {
						CreatedOnToolsVersion = 13.4;
					};
				};
			};
			buildConfigurationList = BD51E829290FC437007DFCC0 /* Build configuration list for PBXProject "Reclean" */;
			compatibilityVersion = "Xcode 13.0";
			developmentRegion = en;
			hasScannedForEncodings = 0;
			knownRegions = (
				en,
				Base,
			);
			mainGroup = BD51E825290FC437007DFCC0;
			productRefGroup = BD51E82F290FC437007DFCC0 /* Products */;
			projectDirPath = "";
			projectRoot = "";
			targets = (
				BD51E82D290FC437007DFCC0 /* Reclean */,
			);
		};
/* End PBXProject section */

/* Begin PBXResourcesBuildPhase section */
		BD51E82C290FC437007DFCC0 /* Resources */ = {
			isa = PBXResourcesBuildPhase;
			buildActionMask = 2147483647;
			files = (
				BD64AAF8292B6E76001653A1 /* AddItemDetailVC.xib in Resources */,
				66C6FD08291A35770068D08B /* SignInUiViewController.xib in Resources */,
				BD64AAFC292B6EEF001653A1 /* SelectItemCell.xib in Resources */,
				BD64AB04292B6F83001653A1 /* InitialDateCell.xib in Resources */,
				66C6FD20291A3C8A0068D08B /* TagAllScheduleTableViewCell.xib in Resources */,
				663A3F3C29211B0B0059C2F3 /* BranchAreaViewController.xib in Resources */,
				BD51E83E290FC439007DFCC0 /* LaunchScreen.storyboard in Resources */,
				BDCDF6CB291A457E001BD533 /* AllItemsViewController.xib in Resources */,
				66BCE37A291A61E300021E8A /* ScheduleViewController.xib in Resources */,
				BD1F467F2923727800B646F1 /* AllAreasVC.xib in Resources */,
				BDFAB4112934A871007C1F9F /* CardAreaCellCollectionViewCell.xib in Resources */,
				66C6FD1C291A3C6E0068D08B /* TitleAllScheduleTableViewCell.xib in Resources */,
				66280C422921456D00C63CC6 /* BadgesCreateViewController.xib in Resources */,
				BD51E83B290FC439007DFCC0 /* Assets.xcassets in Resources */,
				663A3F4029211FED0059C2F3 /* TodaysScheduleViewController.xib in Resources */,
				668F264C29228D2B00412735 /* RewardTableViewCell.xib in Resources */,
				66698757291D112700F865ED /* Launch Screen.storyboard in Resources */,
				BD64AB08292B6FA3001653A1 /* IntervalTimeCell.xib in Resources */,
				66C6FD18291A3A2C0068D08B /* TitleAllAreaTableViewCell.xib in Resources */,
				66402163291BAF94001442D2 /* TagAllAreaTableViewCell.xib in Resources */,
				BD1F468E2923753000B646F1 /* ChallengesVC.xib in Resources */,
				BD51E839290FC438007DFCC0 /* Main.storyboard in Resources */,
				BD64AB00292B6F6E001653A1 /* ItemNameCell.xib in Resources */,
				660E078A29213E7E002201A3 /* ThrophyTableViewCell.xib in Resources */,
				668F264429228BB500412735 /* DetailTaskTagTableViewCell.xib in Resources */,
				66C6FD18291A3A2C0068D08B /* TitleAllAreaTableViewCell.xib in Resources */,
				66CE2C602921D1C8007BD8E1 /* EndYearViewController.xib in Resources */,
				66402163291BAF94001442D2 /* TagAllAreaTableViewCell.xib in Resources */,
				663A3F46292123FB0059C2F3 /* BadgesFinishedViewController.xib in Resources */,
				663A3F54292136FF0059C2F3 /* AboutTableViewCell.xib in Resources */,
				668F264829228C4E00412735 /* DescriptionTableViewCell.xib in Resources */,
				668F264029228A4900412735 /* DetailTaskTableViewCell.xib in Resources */,
				666C9073291D3E1D00AB065D /* AddAreaViewController.xib in Resources */,
				66280C3E2921444400C63CC6 /* ThropiesTableViewCell.xib in Resources */,
				66CE2C682921F484007BD8E1 /* TagEmptyScheduleTableViewCell.xib in Resources */,
				66BCE37E291A64CB00021E8A /* TitleScheduleTableViewCell.xib in Resources */,
				BD102B59292E1C1000A29811 /* ListItemVC.xib in Resources */,
				668F2634292276ED00412735 /* LearderBoardInfoTableViewCell.xib in Resources */,
				66BA514C292E050400014473 /* MainViewController.xib in Resources */,
				66F4BE73292FC569004CF4A6 /* ActivitiesTableViewCell.xib in Resources */,
				BD102B5E292E1C5400A29811 /* CardItemCell.xib in Resources */,
				66C6FD10291A36490068D08B /* AfterSignInViewController.xib in Resources */,
				668F2638292279B000412735 /* RankNamePointTableViewCell.xib in Resources */,
				668F263C29227BC200412735 /* RankTableViewCell.xib in Resources */,
				663A3F4B292126C50059C2F3 /* ProfileViewController.xib in Resources */,
				66C6FD14291A38FE0068D08B /* TagScheduleTableViewCell.xib in Resources */,
			);
			runOnlyForDeploymentPostprocessing = 0;
		};
/* End PBXResourcesBuildPhase section */

/* Begin PBXSourcesBuildPhase section */
		BD51E82A290FC437007DFCC0 /* Sources */ = {
			isa = PBXSourcesBuildPhase;
			buildActionMask = 2147483647;
			files = (
				BDF69A132930CCC800AC594C /* MasterActivityRepository.swift in Sources */,
				BD64AAFB292B6EEF001653A1 /* SelectItemCell.swift in Sources */,
				BD64AB03292B6F83001653A1 /* InitialDateCell.swift in Sources */,
				668F264329228BB500412735 /* DetailTaskTagTableViewCell.swift in Sources */,
				BD102B5D292E1C5400A29811 /* CardItemCell.swift in Sources */,
				BD51E836290FC438007DFCC0 /* ViewController.swift in Sources */,
				BDF69A042930C06D00AC594C /* MasterPlace.swift in Sources */,
				BDCDF6CA291A457E001BD533 /* AllItemsViewController.swift in Sources */,
				668F263F29228A4900412735 /* DetailTaskTableViewCell.swift in Sources */,
				66C6FD07291A35770068D08B /* SignInUiViewController.swift in Sources */,
				BD64AAFF292B6F6E001653A1 /* ItemNameCell.swift in Sources */,
				66C6FD0F291A36490068D08B /* AfterSignInViewController.swift in Sources */,
				BDF69A1A2930DCB900AC594C /* BranchAreaViewModel.swift in Sources */,
				666C9072291D3E1D00AB065D /* AddAreaViewController.swift in Sources */,
				66BA514B292E050400014473 /* MainViewController.swift in Sources */,
				BDCA3F1E292BA2DD00BA573C /* SetTimeCellCell.swift in Sources */,
				66BCE379291A61E300021E8A /* ScheduleViewController.swift in Sources */,
				BD64AAF7292B6E76001653A1 /* AddItemDetailVC.swift in Sources */,
				BDF69A0F2930C6CB00AC594C /* MasterPlaceRepository.swift in Sources */,
				66CE2C672921F484007BD8E1 /* TagEmptyScheduleTableViewCell.swift in Sources */,
				BD51E832290FC437007DFCC0 /* AppDelegate.swift in Sources */,
				66C6FD17291A3A2C0068D08B /* TitleAllAreaTableViewCell.swift in Sources */,
				663A3F4A292126C50059C2F3 /* ProfileViewController.swift in Sources */,
				668F264729228C4E00412735 /* DescriptionTableViewCell.swift in Sources */,
				663A3F3F29211FED0059C2F3 /* TodaysScheduleViewController.swift in Sources */,
				66CE2C5F2921D1C8007BD8E1 /* EndYearViewController.swift in Sources */,
				BDF69A172930D40900AC594C /* MasterIntervalRepository.swift in Sources */,
				663A3F45292123FB0059C2F3 /* BadgesFinishedViewController.swift in Sources */,
				66C6FD1B291A3C6E0068D08B /* TitleAllScheduleTableViewCell.swift in Sources */,
				BDF69A0C2930C33800AC594C /* MasterInterval.swift in Sources */,
				BD1F467E2923727800B646F1 /* AllAreasVC.swift in Sources */,
				66C6FD1F291A3C8A0068D08B /* TagAllScheduleTableViewCell.swift in Sources */,
				66280C3D2921444400C63CC6 /* ThropiesTableViewCell.swift in Sources */,
				BDF69A082930C14200AC594C /* MasterActivity.swift in Sources */,
				BDF69A0A2930C18600AC594C /* ItemActivity.swift in Sources */,
				663A3F4E292135E70059C2F3 /* ActivitesTableViewCell.swift in Sources */,
				BDF69A112930C9CC00AC594C /* AreaRepository.swift in Sources */,
				BD102B58292E1C1000A29811 /* ListItemVC.swift in Sources */,
				BD102B54292E0C9C00A29811 /* Date+Extension.swift in Sources */,
				66280C412921456D00C63CC6 /* BadgesCreateViewController.swift in Sources */,
				668F263B29227BC200412735 /* RankTableViewCell.swift in Sources */,
				BDF69A1C2930E31B00AC594C /* AddItemDetailViewModel.swift in Sources */,
				663A3F53292136FF0059C2F3 /* AboutTableViewCell.swift in Sources */,
				66C6FD13291A38FE0068D08B /* TagScheduleTableViewCell.swift in Sources */,
				BD1F468D2923753000B646F1 /* ChallengesVC.swift in Sources */,
				66BCE37D291A64CB00021E8A /* TitleScheduleTableViewCell.swift in Sources */,
				BD64AB07292B6FA3001653A1 /* IntervalTimeCell.swift in Sources */,
				660E078929213E7E002201A3 /* ThrophyTableViewCell.swift in Sources */,
				668F2633292276ED00412735 /* LearderBoardInfoTableViewCell.swift in Sources */,
				66402162291BAF94001442D2 /* TagAllAreaTableViewCell.swift in Sources */,
				BDFAB4102934A871007C1F9F /* CardAreaCellCollectionViewCell.swift in Sources */,
				668F264B29228D2B00412735 /* RewardTableViewCell.swift in Sources */,
				BD51E834290FC437007DFCC0 /* SceneDelegate.swift in Sources */,
				663A3F3B29211B0B0059C2F3 /* BranchAreaViewController.swift in Sources */,
				66F4BE72292FC569004CF4A6 /* ActivitiesTableViewCell.swift in Sources */,
				BDF69A062930C0D100AC594C /* Area.swift in Sources */,
				668F2637292279B000412735 /* RankNamePointTableViewCell.swift in Sources */,
				BDF69A152930D0CD00AC594C /* ItemRepository.swift in Sources */,
			);
			runOnlyForDeploymentPostprocessing = 0;
		};
/* End PBXSourcesBuildPhase section */

/* Begin PBXVariantGroup section */
		BD51E83C290FC439007DFCC0 /* LaunchScreen.storyboard */ = {
			isa = PBXVariantGroup;
			children = (
				BD51E83D290FC439007DFCC0 /* Base */,
			);
			name = LaunchScreen.storyboard;
			sourceTree = "<group>";
		};
/* End PBXVariantGroup section */

/* Begin XCBuildConfiguration section */
		BD51E840290FC439007DFCC0 /* Debug */ = {
			isa = XCBuildConfiguration;
			buildSettings = {
				ALWAYS_SEARCH_USER_PATHS = NO;
				CLANG_ANALYZER_NONNULL = YES;
				CLANG_ANALYZER_NUMBER_OBJECT_CONVERSION = YES_AGGRESSIVE;
				CLANG_CXX_LANGUAGE_STANDARD = "gnu++17";
				CLANG_ENABLE_MODULES = YES;
				CLANG_ENABLE_OBJC_ARC = YES;
				CLANG_ENABLE_OBJC_WEAK = YES;
				CLANG_WARN_BLOCK_CAPTURE_AUTORELEASING = YES;
				CLANG_WARN_BOOL_CONVERSION = YES;
				CLANG_WARN_COMMA = YES;
				CLANG_WARN_CONSTANT_CONVERSION = YES;
				CLANG_WARN_DEPRECATED_OBJC_IMPLEMENTATIONS = YES;
				CLANG_WARN_DIRECT_OBJC_ISA_USAGE = YES_ERROR;
				CLANG_WARN_DOCUMENTATION_COMMENTS = YES;
				CLANG_WARN_EMPTY_BODY = YES;
				CLANG_WARN_ENUM_CONVERSION = YES;
				CLANG_WARN_INFINITE_RECURSION = YES;
				CLANG_WARN_INT_CONVERSION = YES;
				CLANG_WARN_NON_LITERAL_NULL_CONVERSION = YES;
				CLANG_WARN_OBJC_IMPLICIT_RETAIN_SELF = YES;
				CLANG_WARN_OBJC_LITERAL_CONVERSION = YES;
				CLANG_WARN_OBJC_ROOT_CLASS = YES_ERROR;
				CLANG_WARN_QUOTED_INCLUDE_IN_FRAMEWORK_HEADER = YES;
				CLANG_WARN_RANGE_LOOP_ANALYSIS = YES;
				CLANG_WARN_STRICT_PROTOTYPES = YES;
				CLANG_WARN_SUSPICIOUS_MOVE = YES;
				CLANG_WARN_UNGUARDED_AVAILABILITY = YES_AGGRESSIVE;
				CLANG_WARN_UNREACHABLE_CODE = YES;
				CLANG_WARN__DUPLICATE_METHOD_MATCH = YES;
				COPY_PHASE_STRIP = NO;
				DEBUG_INFORMATION_FORMAT = dwarf;
				ENABLE_STRICT_OBJC_MSGSEND = YES;
				ENABLE_TESTABILITY = YES;
				GCC_C_LANGUAGE_STANDARD = gnu11;
				GCC_DYNAMIC_NO_PIC = NO;
				GCC_NO_COMMON_BLOCKS = YES;
				GCC_OPTIMIZATION_LEVEL = 0;
				GCC_PREPROCESSOR_DEFINITIONS = (
					"DEBUG=1",
					"$(inherited)",
				);
				GCC_WARN_64_TO_32_BIT_CONVERSION = YES;
				GCC_WARN_ABOUT_RETURN_TYPE = YES_ERROR;
				GCC_WARN_UNDECLARED_SELECTOR = YES;
				GCC_WARN_UNINITIALIZED_AUTOS = YES_AGGRESSIVE;
				GCC_WARN_UNUSED_FUNCTION = YES;
				GCC_WARN_UNUSED_VARIABLE = YES;
				IPHONEOS_DEPLOYMENT_TARGET = 16.0;
				MTL_ENABLE_DEBUG_INFO = INCLUDE_SOURCE;
				MTL_FAST_MATH = YES;
				ONLY_ACTIVE_ARCH = YES;
				SDKROOT = iphoneos;
				SWIFT_ACTIVE_COMPILATION_CONDITIONS = DEBUG;
				SWIFT_OPTIMIZATION_LEVEL = "-Onone";
			};
			name = Debug;
		};
		BD51E841290FC439007DFCC0 /* Release */ = {
			isa = XCBuildConfiguration;
			buildSettings = {
				ALWAYS_SEARCH_USER_PATHS = NO;
				CLANG_ANALYZER_NONNULL = YES;
				CLANG_ANALYZER_NUMBER_OBJECT_CONVERSION = YES_AGGRESSIVE;
				CLANG_CXX_LANGUAGE_STANDARD = "gnu++17";
				CLANG_ENABLE_MODULES = YES;
				CLANG_ENABLE_OBJC_ARC = YES;
				CLANG_ENABLE_OBJC_WEAK = YES;
				CLANG_WARN_BLOCK_CAPTURE_AUTORELEASING = YES;
				CLANG_WARN_BOOL_CONVERSION = YES;
				CLANG_WARN_COMMA = YES;
				CLANG_WARN_CONSTANT_CONVERSION = YES;
				CLANG_WARN_DEPRECATED_OBJC_IMPLEMENTATIONS = YES;
				CLANG_WARN_DIRECT_OBJC_ISA_USAGE = YES_ERROR;
				CLANG_WARN_DOCUMENTATION_COMMENTS = YES;
				CLANG_WARN_EMPTY_BODY = YES;
				CLANG_WARN_ENUM_CONVERSION = YES;
				CLANG_WARN_INFINITE_RECURSION = YES;
				CLANG_WARN_INT_CONVERSION = YES;
				CLANG_WARN_NON_LITERAL_NULL_CONVERSION = YES;
				CLANG_WARN_OBJC_IMPLICIT_RETAIN_SELF = YES;
				CLANG_WARN_OBJC_LITERAL_CONVERSION = YES;
				CLANG_WARN_OBJC_ROOT_CLASS = YES_ERROR;
				CLANG_WARN_QUOTED_INCLUDE_IN_FRAMEWORK_HEADER = YES;
				CLANG_WARN_RANGE_LOOP_ANALYSIS = YES;
				CLANG_WARN_STRICT_PROTOTYPES = YES;
				CLANG_WARN_SUSPICIOUS_MOVE = YES;
				CLANG_WARN_UNGUARDED_AVAILABILITY = YES_AGGRESSIVE;
				CLANG_WARN_UNREACHABLE_CODE = YES;
				CLANG_WARN__DUPLICATE_METHOD_MATCH = YES;
				COPY_PHASE_STRIP = NO;
				DEBUG_INFORMATION_FORMAT = "dwarf-with-dsym";
				ENABLE_NS_ASSERTIONS = NO;
				ENABLE_STRICT_OBJC_MSGSEND = YES;
				GCC_C_LANGUAGE_STANDARD = gnu11;
				GCC_NO_COMMON_BLOCKS = YES;
				GCC_WARN_64_TO_32_BIT_CONVERSION = YES;
				GCC_WARN_ABOUT_RETURN_TYPE = YES_ERROR;
				GCC_WARN_UNDECLARED_SELECTOR = YES;
				GCC_WARN_UNINITIALIZED_AUTOS = YES_AGGRESSIVE;
				GCC_WARN_UNUSED_FUNCTION = YES;
				GCC_WARN_UNUSED_VARIABLE = YES;
				IPHONEOS_DEPLOYMENT_TARGET = 16.0;
				MTL_ENABLE_DEBUG_INFO = NO;
				MTL_FAST_MATH = YES;
				SDKROOT = iphoneos;
				SWIFT_COMPILATION_MODE = wholemodule;
				SWIFT_OPTIMIZATION_LEVEL = "-O";
				VALIDATE_PRODUCT = YES;
			};
			name = Release;
		};
		BD51E843290FC439007DFCC0 /* Debug */ = {
			isa = XCBuildConfiguration;
			buildSettings = {
				ASSETCATALOG_COMPILER_APPICON_NAME = AppIcon;
				ASSETCATALOG_COMPILER_GLOBAL_ACCENT_COLOR_NAME = AccentColor;
				CODE_SIGN_STYLE = Automatic;
				CURRENT_PROJECT_VERSION = 1;
				DEVELOPMENT_TEAM = DFF5WS246X;
				GENERATE_INFOPLIST_FILE = YES;
				INFOPLIST_FILE = Reclean/Info.plist;
				INFOPLIST_KEY_CFBundleDisplayName = ReClean;
				INFOPLIST_KEY_UIApplicationSupportsIndirectInputEvents = YES;
				INFOPLIST_KEY_UILaunchStoryboardName = LaunchScreen;
				INFOPLIST_KEY_UISupportedInterfaceOrientations = "UIInterfaceOrientationLandscapeLeft UIInterfaceOrientationLandscapeRight UIInterfaceOrientationPortrait";
				INFOPLIST_KEY_UISupportedInterfaceOrientations_iPad = UIInterfaceOrientationPortrait;
				IPHONEOS_DEPLOYMENT_TARGET = 15.5;
				LD_RUNPATH_SEARCH_PATHS = (
					"$(inherited)",
					"@executable_path/Frameworks",
				);
				MARKETING_VERSION = 1.0;
				PRODUCT_BUNDLE_IDENTIFIER = com.nabila.Reclean;
				PRODUCT_NAME = "$(TARGET_NAME)";
				SWIFT_EMIT_LOC_STRINGS = YES;
				SWIFT_VERSION = 5.0;
				TARGETED_DEVICE_FAMILY = "1,2";
			};
			name = Debug;
		};
		BD51E844290FC439007DFCC0 /* Release */ = {
			isa = XCBuildConfiguration;
			buildSettings = {
				ASSETCATALOG_COMPILER_APPICON_NAME = AppIcon;
				ASSETCATALOG_COMPILER_GLOBAL_ACCENT_COLOR_NAME = AccentColor;
				CODE_SIGN_STYLE = Automatic;
				CURRENT_PROJECT_VERSION = 1;
				DEVELOPMENT_TEAM = DFF5WS246X;
				GENERATE_INFOPLIST_FILE = YES;
				INFOPLIST_FILE = Reclean/Info.plist;
				INFOPLIST_KEY_CFBundleDisplayName = ReClean;
				INFOPLIST_KEY_UIApplicationSupportsIndirectInputEvents = YES;
				INFOPLIST_KEY_UILaunchStoryboardName = LaunchScreen;
				INFOPLIST_KEY_UISupportedInterfaceOrientations = "UIInterfaceOrientationLandscapeLeft UIInterfaceOrientationLandscapeRight UIInterfaceOrientationPortrait";
				INFOPLIST_KEY_UISupportedInterfaceOrientations_iPad = UIInterfaceOrientationPortrait;
				IPHONEOS_DEPLOYMENT_TARGET = 15.5;
				LD_RUNPATH_SEARCH_PATHS = (
					"$(inherited)",
					"@executable_path/Frameworks",
				);
				MARKETING_VERSION = 1.0;
				PRODUCT_BUNDLE_IDENTIFIER = com.nabila.Reclean;
				PRODUCT_NAME = "$(TARGET_NAME)";
				SWIFT_EMIT_LOC_STRINGS = YES;
				SWIFT_VERSION = 5.0;
				TARGETED_DEVICE_FAMILY = "1,2";
			};
			name = Release;
		};
/* End XCBuildConfiguration section */

/* Begin XCConfigurationList section */
		BD51E829290FC437007DFCC0 /* Build configuration list for PBXProject "Reclean" */ = {
			isa = XCConfigurationList;
			buildConfigurations = (
				BD51E840290FC439007DFCC0 /* Debug */,
				BD51E841290FC439007DFCC0 /* Release */,
			);
			defaultConfigurationIsVisible = 0;
			defaultConfigurationName = Release;
		};
		BD51E842290FC439007DFCC0 /* Build configuration list for PBXNativeTarget "Reclean" */ = {
			isa = XCConfigurationList;
			buildConfigurations = (
				BD51E843290FC439007DFCC0 /* Debug */,
				BD51E844290FC439007DFCC0 /* Release */,
			);
			defaultConfigurationIsVisible = 0;
			defaultConfigurationName = Release;
		};
/* End XCConfigurationList section */
	};
	rootObject = BD51E826290FC437007DFCC0 /* Project object */;
}
