// !$*UTF8*$!
{
	archiveVersion = 1;
	classes = {
	};
	objectVersion = 55;
	objects = {

/* Begin PBXBuildFile section */
		660E078929213E7E002201A3 /* ThrophyTableViewCell.swift in Sources */ = {isa = PBXBuildFile; fileRef = 660E078729213E7E002201A3 /* ThrophyTableViewCell.swift */; };
		660E078A29213E7E002201A3 /* ThrophyTableViewCell.xib in Resources */ = {isa = PBXBuildFile; fileRef = 660E078829213E7E002201A3 /* ThrophyTableViewCell.xib */; };
		66280C3D2921444400C63CC6 /* ThropiesTableViewCell.swift in Sources */ = {isa = PBXBuildFile; fileRef = 66280C3B2921444400C63CC6 /* ThropiesTableViewCell.swift */; };
		66280C3E2921444400C63CC6 /* ThropiesTableViewCell.xib in Resources */ = {isa = PBXBuildFile; fileRef = 66280C3C2921444400C63CC6 /* ThropiesTableViewCell.xib */; };
		66280C412921456D00C63CC6 /* BadgesCreateViewController.swift in Sources */ = {isa = PBXBuildFile; fileRef = 66280C3F2921456D00C63CC6 /* BadgesCreateViewController.swift */; };
		66280C422921456D00C63CC6 /* BadgesCreateViewController.xib in Resources */ = {isa = PBXBuildFile; fileRef = 66280C402921456D00C63CC6 /* BadgesCreateViewController.xib */; };
		663A3F3B29211B0B0059C2F3 /* BranchAreaViewController.swift in Sources */ = {isa = PBXBuildFile; fileRef = 663A3F3929211B0B0059C2F3 /* BranchAreaViewController.swift */; };
		663A3F3C29211B0B0059C2F3 /* BranchAreaViewController.xib in Resources */ = {isa = PBXBuildFile; fileRef = 663A3F3A29211B0B0059C2F3 /* BranchAreaViewController.xib */; };
		663A3F3F29211FED0059C2F3 /* TodaysScheduleViewController.swift in Sources */ = {isa = PBXBuildFile; fileRef = 663A3F3D29211FED0059C2F3 /* TodaysScheduleViewController.swift */; };
		663A3F4029211FED0059C2F3 /* TodaysScheduleViewController.xib in Resources */ = {isa = PBXBuildFile; fileRef = 663A3F3E29211FED0059C2F3 /* TodaysScheduleViewController.xib */; };
		663A3F45292123FB0059C2F3 /* BadgesFinishedViewController.swift in Sources */ = {isa = PBXBuildFile; fileRef = 663A3F43292123FB0059C2F3 /* BadgesFinishedViewController.swift */; };
		663A3F46292123FB0059C2F3 /* BadgesFinishedViewController.xib in Resources */ = {isa = PBXBuildFile; fileRef = 663A3F44292123FB0059C2F3 /* BadgesFinishedViewController.xib */; };
		663A3F4A292126C50059C2F3 /* ProfileViewController.swift in Sources */ = {isa = PBXBuildFile; fileRef = 663A3F48292126C50059C2F3 /* ProfileViewController.swift */; };
		663A3F4B292126C50059C2F3 /* ProfileViewController.xib in Resources */ = {isa = PBXBuildFile; fileRef = 663A3F49292126C50059C2F3 /* ProfileViewController.xib */; };
		663A3F53292136FF0059C2F3 /* AboutTableViewCell.swift in Sources */ = {isa = PBXBuildFile; fileRef = 663A3F51292136FF0059C2F3 /* AboutTableViewCell.swift */; };
		663A3F54292136FF0059C2F3 /* AboutTableViewCell.xib in Resources */ = {isa = PBXBuildFile; fileRef = 663A3F52292136FF0059C2F3 /* AboutTableViewCell.xib */; };
		66436F59293843B70034F844 /* InvitationCodeViewController.swift in Sources */ = {isa = PBXBuildFile; fileRef = 66436F57293843B70034F844 /* InvitationCodeViewController.swift */; };
		66436F5A293843B70034F844 /* InvitationCodeViewController.xib in Resources */ = {isa = PBXBuildFile; fileRef = 66436F58293843B70034F844 /* InvitationCodeViewController.xib */; };
		6648828E2938B015003D1F33 /* ActiveChallengeTVC.swift in Sources */ = {isa = PBXBuildFile; fileRef = 6648828C2938B015003D1F33 /* ActiveChallengeTVC.swift */; };
		6648828F2938B015003D1F33 /* ActiveChallengeTVC.xib in Resources */ = {isa = PBXBuildFile; fileRef = 6648828D2938B015003D1F33 /* ActiveChallengeTVC.xib */; };
		664882922938B03D003D1F33 /* ActiveTagTVC.swift in Sources */ = {isa = PBXBuildFile; fileRef = 664882902938B03D003D1F33 /* ActiveTagTVC.swift */; };
		664882932938B03D003D1F33 /* ActiveTagTVC.xib in Resources */ = {isa = PBXBuildFile; fileRef = 664882912938B03D003D1F33 /* ActiveTagTVC.xib */; };
		664882962938B052003D1F33 /* PastChallengeTVC.swift in Sources */ = {isa = PBXBuildFile; fileRef = 664882942938B052003D1F33 /* PastChallengeTVC.swift */; };
		664882972938B052003D1F33 /* PastChallengeTVC.xib in Resources */ = {isa = PBXBuildFile; fileRef = 664882952938B052003D1F33 /* PastChallengeTVC.xib */; };
		6648829A2938B076003D1F33 /* PastChallengeTagTVC.swift in Sources */ = {isa = PBXBuildFile; fileRef = 664882982938B076003D1F33 /* PastChallengeTagTVC.swift */; };
		6648829B2938B076003D1F33 /* PastChallengeTagTVC.xib in Resources */ = {isa = PBXBuildFile; fileRef = 664882992938B076003D1F33 /* PastChallengeTagTVC.xib */; };
		665A52AB2935071E0069E421 /* AddNewFamilyTFC.swift in Sources */ = {isa = PBXBuildFile; fileRef = 665A52A92935071E0069E421 /* AddNewFamilyTFC.swift */; };
		665A52AC2935071E0069E421 /* AddNewFamilyTFC.xib in Resources */ = {isa = PBXBuildFile; fileRef = 665A52AA2935071E0069E421 /* AddNewFamilyTFC.xib */; };
		665A52AF293507480069E421 /* FamilyMemberTVC.swift in Sources */ = {isa = PBXBuildFile; fileRef = 665A52AD293507480069E421 /* FamilyMemberTVC.swift */; };
		665A52B0293507480069E421 /* FamilyMemberTVC.xib in Resources */ = {isa = PBXBuildFile; fileRef = 665A52AE293507480069E421 /* FamilyMemberTVC.xib */; };
		66698757291D112700F865ED /* Launch Screen.storyboard in Resources */ = {isa = PBXBuildFile; fileRef = 66698756291D112700F865ED /* Launch Screen.storyboard */; };
		666C9072291D3E1D00AB065D /* AddAreaViewController.swift in Sources */ = {isa = PBXBuildFile; fileRef = 666C9070291D3E1D00AB065D /* AddAreaViewController.swift */; };
		666C9073291D3E1D00AB065D /* AddAreaViewController.xib in Resources */ = {isa = PBXBuildFile; fileRef = 666C9071291D3E1D00AB065D /* AddAreaViewController.xib */; };
		668871ED293587C60045770E /* InviteFamilyVC.swift in Sources */ = {isa = PBXBuildFile; fileRef = 668871EB293587C60045770E /* InviteFamilyVC.swift */; };
		668871EE293587C60045770E /* InviteFamilyVC.xib in Resources */ = {isa = PBXBuildFile; fileRef = 668871EC293587C60045770E /* InviteFamilyVC.xib */; };
		668F2633292276ED00412735 /* LearderBoardInfoTableViewCell.swift in Sources */ = {isa = PBXBuildFile; fileRef = 668F2631292276ED00412735 /* LearderBoardInfoTableViewCell.swift */; };
		668F2634292276ED00412735 /* LearderBoardInfoTableViewCell.xib in Resources */ = {isa = PBXBuildFile; fileRef = 668F2632292276ED00412735 /* LearderBoardInfoTableViewCell.xib */; };
		668F2637292279B000412735 /* RankNamePointTableViewCell.swift in Sources */ = {isa = PBXBuildFile; fileRef = 668F2635292279B000412735 /* RankNamePointTableViewCell.swift */; };
		668F2638292279B000412735 /* RankNamePointTableViewCell.xib in Resources */ = {isa = PBXBuildFile; fileRef = 668F2636292279B000412735 /* RankNamePointTableViewCell.xib */; };
		668F263B29227BC200412735 /* RankTableViewCell.swift in Sources */ = {isa = PBXBuildFile; fileRef = 668F263929227BC200412735 /* RankTableViewCell.swift */; };
		668F263C29227BC200412735 /* RankTableViewCell.xib in Resources */ = {isa = PBXBuildFile; fileRef = 668F263A29227BC200412735 /* RankTableViewCell.xib */; };
		668F263F29228A4900412735 /* DetailTaskTableViewCell.swift in Sources */ = {isa = PBXBuildFile; fileRef = 668F263D29228A4900412735 /* DetailTaskTableViewCell.swift */; };
		668F264029228A4900412735 /* DetailTaskTableViewCell.xib in Resources */ = {isa = PBXBuildFile; fileRef = 668F263E29228A4900412735 /* DetailTaskTableViewCell.xib */; };
		668F264329228BB500412735 /* DetailTaskTagTableViewCell.swift in Sources */ = {isa = PBXBuildFile; fileRef = 668F264129228BB500412735 /* DetailTaskTagTableViewCell.swift */; };
		668F264429228BB500412735 /* DetailTaskTagTableViewCell.xib in Resources */ = {isa = PBXBuildFile; fileRef = 668F264229228BB500412735 /* DetailTaskTagTableViewCell.xib */; };
		668F264729228C4E00412735 /* DescriptionTableViewCell.swift in Sources */ = {isa = PBXBuildFile; fileRef = 668F264529228C4E00412735 /* DescriptionTableViewCell.swift */; };
		668F264829228C4E00412735 /* DescriptionTableViewCell.xib in Resources */ = {isa = PBXBuildFile; fileRef = 668F264629228C4E00412735 /* DescriptionTableViewCell.xib */; };
		668F264B29228D2B00412735 /* RewardTableViewCell.swift in Sources */ = {isa = PBXBuildFile; fileRef = 668F264929228D2B00412735 /* RewardTableViewCell.swift */; };
		668F264C29228D2B00412735 /* RewardTableViewCell.xib in Resources */ = {isa = PBXBuildFile; fileRef = 668F264A29228D2B00412735 /* RewardTableViewCell.xib */; };
		66BA514B292E050400014473 /* MainViewController.swift in Sources */ = {isa = PBXBuildFile; fileRef = 66BA5149292E050400014473 /* MainViewController.swift */; };
		66BA514C292E050400014473 /* MainViewController.xib in Resources */ = {isa = PBXBuildFile; fileRef = 66BA514A292E050400014473 /* MainViewController.xib */; };
		66C6FD07291A35770068D08B /* SignInUiViewController.swift in Sources */ = {isa = PBXBuildFile; fileRef = 66C6FD05291A35770068D08B /* SignInUiViewController.swift */; };
		66C6FD08291A35770068D08B /* SignInUiViewController.xib in Resources */ = {isa = PBXBuildFile; fileRef = 66C6FD06291A35770068D08B /* SignInUiViewController.xib */; };
		66C7275E293DF13100EB5C41 /* ComingSoonTVC.swift in Sources */ = {isa = PBXBuildFile; fileRef = 66C7275C293DF13100EB5C41 /* ComingSoonTVC.swift */; };
		66C7275F293DF13100EB5C41 /* ComingSoonTVC.xib in Resources */ = {isa = PBXBuildFile; fileRef = 66C7275D293DF13100EB5C41 /* ComingSoonTVC.xib */; };
		66CE2C5F2921D1C8007BD8E1 /* EndYearViewController.swift in Sources */ = {isa = PBXBuildFile; fileRef = 66CE2C5D2921D1C8007BD8E1 /* EndYearViewController.swift */; };
		66CE2C602921D1C8007BD8E1 /* EndYearViewController.xib in Resources */ = {isa = PBXBuildFile; fileRef = 66CE2C5E2921D1C8007BD8E1 /* EndYearViewController.xib */; };
		66DCC2CC293642FC004381C6 /* ScheduleViewController.swift in Sources */ = {isa = PBXBuildFile; fileRef = 66DCC2CA293642FC004381C6 /* ScheduleViewController.swift */; };
		66DCC2CD293642FC004381C6 /* ScheduleViewController.xib in Resources */ = {isa = PBXBuildFile; fileRef = 66DCC2CB293642FC004381C6 /* ScheduleViewController.xib */; };
		66F4BE72292FC569004CF4A6 /* ActivitiesTableViewCell.swift in Sources */ = {isa = PBXBuildFile; fileRef = 66F4BE70292FC569004CF4A6 /* ActivitiesTableViewCell.swift */; };
		66F4BE73292FC569004CF4A6 /* ActivitiesTableViewCell.xib in Resources */ = {isa = PBXBuildFile; fileRef = 66F4BE71292FC569004CF4A6 /* ActivitiesTableViewCell.xib */; };
		BD102B54292E0C9C00A29811 /* Date+Extension.swift in Sources */ = {isa = PBXBuildFile; fileRef = BD102B53292E0C9C00A29811 /* Date+Extension.swift */; };
		BD102B58292E1C1000A29811 /* ListItemVC.swift in Sources */ = {isa = PBXBuildFile; fileRef = BD102B56292E1C1000A29811 /* ListItemVC.swift */; };
		BD102B59292E1C1000A29811 /* ListItemVC.xib in Resources */ = {isa = PBXBuildFile; fileRef = BD102B57292E1C1000A29811 /* ListItemVC.xib */; };
		BD102B5D292E1C5400A29811 /* CardItemCell.swift in Sources */ = {isa = PBXBuildFile; fileRef = BD102B5B292E1C5400A29811 /* CardItemCell.swift */; };
		BD102B5E292E1C5400A29811 /* CardItemCell.xib in Resources */ = {isa = PBXBuildFile; fileRef = BD102B5C292E1C5400A29811 /* CardItemCell.xib */; };
		BD1F467E2923727800B646F1 /* AllAreasVC.swift in Sources */ = {isa = PBXBuildFile; fileRef = BD1F467C2923727800B646F1 /* AllAreasVC.swift */; };
		BD1F467F2923727800B646F1 /* AllAreasVC.xib in Resources */ = {isa = PBXBuildFile; fileRef = BD1F467D2923727800B646F1 /* AllAreasVC.xib */; };
		BD1F468D2923753000B646F1 /* ChallengesVC.swift in Sources */ = {isa = PBXBuildFile; fileRef = BD1F468B2923753000B646F1 /* ChallengesVC.swift */; };
		BD1F468E2923753000B646F1 /* ChallengesVC.xib in Resources */ = {isa = PBXBuildFile; fileRef = BD1F468C2923753000B646F1 /* ChallengesVC.xib */; };
		BD51E832290FC437007DFCC0 /* AppDelegate.swift in Sources */ = {isa = PBXBuildFile; fileRef = BD51E831290FC437007DFCC0 /* AppDelegate.swift */; };
		BD51E834290FC437007DFCC0 /* SceneDelegate.swift in Sources */ = {isa = PBXBuildFile; fileRef = BD51E833290FC437007DFCC0 /* SceneDelegate.swift */; };
		BD51E83B290FC439007DFCC0 /* Assets.xcassets in Resources */ = {isa = PBXBuildFile; fileRef = BD51E83A290FC439007DFCC0 /* Assets.xcassets */; };
		BD51E83E290FC439007DFCC0 /* LaunchScreen.storyboard in Resources */ = {isa = PBXBuildFile; fileRef = BD51E83C290FC439007DFCC0 /* LaunchScreen.storyboard */; };
		BD64AAF7292B6E76001653A1 /* AddItemDetailVC.swift in Sources */ = {isa = PBXBuildFile; fileRef = BD64AAF5292B6E76001653A1 /* AddItemDetailVC.swift */; };
		BD64AAF8292B6E76001653A1 /* AddItemDetailVC.xib in Resources */ = {isa = PBXBuildFile; fileRef = BD64AAF6292B6E76001653A1 /* AddItemDetailVC.xib */; };
		BD64AAFB292B6EEF001653A1 /* SelectItemCell.swift in Sources */ = {isa = PBXBuildFile; fileRef = BD64AAF9292B6EEF001653A1 /* SelectItemCell.swift */; };
		BD64AAFC292B6EEF001653A1 /* SelectItemCell.xib in Resources */ = {isa = PBXBuildFile; fileRef = BD64AAFA292B6EEF001653A1 /* SelectItemCell.xib */; };
		BD64AAFF292B6F6E001653A1 /* ItemNameCell.swift in Sources */ = {isa = PBXBuildFile; fileRef = BD64AAFD292B6F6E001653A1 /* ItemNameCell.swift */; };
		BD64AB00292B6F6E001653A1 /* ItemNameCell.xib in Resources */ = {isa = PBXBuildFile; fileRef = BD64AAFE292B6F6E001653A1 /* ItemNameCell.xib */; };
		BD64AB03292B6F83001653A1 /* InitialDateCell.swift in Sources */ = {isa = PBXBuildFile; fileRef = BD64AB01292B6F83001653A1 /* InitialDateCell.swift */; };
		BD64AB04292B6F83001653A1 /* InitialDateCell.xib in Resources */ = {isa = PBXBuildFile; fileRef = BD64AB02292B6F83001653A1 /* InitialDateCell.xib */; };
		BD64AB07292B6FA3001653A1 /* IntervalTimeCell.swift in Sources */ = {isa = PBXBuildFile; fileRef = BD64AB05292B6FA3001653A1 /* IntervalTimeCell.swift */; };
		BD64AB08292B6FA3001653A1 /* IntervalTimeCell.xib in Resources */ = {isa = PBXBuildFile; fileRef = BD64AB06292B6FA3001653A1 /* IntervalTimeCell.xib */; };
		BDCDF6CA291A457E001BD533 /* AllItemsViewController.swift in Sources */ = {isa = PBXBuildFile; fileRef = BDCDF6C8291A457E001BD533 /* AllItemsViewController.swift */; };
		BDCDF6CB291A457E001BD533 /* AllItemsViewController.xib in Resources */ = {isa = PBXBuildFile; fileRef = BDCDF6C9291A457E001BD533 /* AllItemsViewController.xib */; };
		BDF69A042930C06D00AC594C /* MasterPlace.swift in Sources */ = {isa = PBXBuildFile; fileRef = BDF69A032930C06D00AC594C /* MasterPlace.swift */; };
		BDF69A062930C0D100AC594C /* Area.swift in Sources */ = {isa = PBXBuildFile; fileRef = BDF69A052930C0D100AC594C /* Area.swift */; };
		BDF69A082930C14200AC594C /* MasterActivity.swift in Sources */ = {isa = PBXBuildFile; fileRef = BDF69A072930C14200AC594C /* MasterActivity.swift */; };
		BDF69A0A2930C18600AC594C /* ItemActivity.swift in Sources */ = {isa = PBXBuildFile; fileRef = BDF69A092930C18600AC594C /* ItemActivity.swift */; };
		BDF69A0C2930C33800AC594C /* MasterInterval.swift in Sources */ = {isa = PBXBuildFile; fileRef = BDF69A0B2930C33800AC594C /* MasterInterval.swift */; };
		BDF69A0F2930C6CB00AC594C /* MasterPlaceRepository.swift in Sources */ = {isa = PBXBuildFile; fileRef = BDF69A0E2930C6CB00AC594C /* MasterPlaceRepository.swift */; };
		BDF69A112930C9CC00AC594C /* AreaRepository.swift in Sources */ = {isa = PBXBuildFile; fileRef = BDF69A102930C9CC00AC594C /* AreaRepository.swift */; };
		BDF69A132930CCC800AC594C /* MasterActivityRepository.swift in Sources */ = {isa = PBXBuildFile; fileRef = BDF69A122930CCC800AC594C /* MasterActivityRepository.swift */; };
		BDF69A152930D0CD00AC594C /* ItemRepository.swift in Sources */ = {isa = PBXBuildFile; fileRef = BDF69A142930D0CD00AC594C /* ItemRepository.swift */; };
		BDF69A172930D40900AC594C /* MasterIntervalRepository.swift in Sources */ = {isa = PBXBuildFile; fileRef = BDF69A162930D40900AC594C /* MasterIntervalRepository.swift */; };
		BDF69A1A2930DCB900AC594C /* BranchAreaViewModel.swift in Sources */ = {isa = PBXBuildFile; fileRef = BDF69A192930DCB900AC594C /* BranchAreaViewModel.swift */; };
		BDF69A1C2930E31B00AC594C /* AddItemDetailViewModel.swift in Sources */ = {isa = PBXBuildFile; fileRef = BDF69A1B2930E31B00AC594C /* AddItemDetailViewModel.swift */; };
		BDFAB4102934A871007C1F9F /* CardAreaCellCollectionViewCell.swift in Sources */ = {isa = PBXBuildFile; fileRef = BDFAB40E2934A871007C1F9F /* CardAreaCellCollectionViewCell.swift */; };
		BDFAB4112934A871007C1F9F /* CardAreaCellCollectionViewCell.xib in Resources */ = {isa = PBXBuildFile; fileRef = BDFAB40F2934A871007C1F9F /* CardAreaCellCollectionViewCell.xib */; };
		BDFAB4152934BA4B007C1F9F /* CloudKit.framework in Frameworks */ = {isa = PBXBuildFile; fileRef = BDFAB4142934BA4B007C1F9F /* CloudKit.framework */; };
		C93CF2E2293A0C7000472AC7 /* CreateChallengeVC.swift in Sources */ = {isa = PBXBuildFile; fileRef = C93CF2E0293A0C7000472AC7 /* CreateChallengeVC.swift */; };
		C93CF2E3293A0C7000472AC7 /* CreateChallengeVC.xib in Resources */ = {isa = PBXBuildFile; fileRef = C93CF2E1293A0C7000472AC7 /* CreateChallengeVC.xib */; };
		C93CF2E6293A0D2100472AC7 /* InputChallengeNameCell.swift in Sources */ = {isa = PBXBuildFile; fileRef = C93CF2E4293A0D2100472AC7 /* InputChallengeNameCell.swift */; };
		C93CF2E7293A0D2100472AC7 /* InputChallengeNameCell.xib in Resources */ = {isa = PBXBuildFile; fileRef = C93CF2E5293A0D2100472AC7 /* InputChallengeNameCell.xib */; };
		C93CF2EA293A0D4500472AC7 /* InputChallengeDescriptionCell.swift in Sources */ = {isa = PBXBuildFile; fileRef = C93CF2E8293A0D4500472AC7 /* InputChallengeDescriptionCell.swift */; };
		C93CF2EB293A0D4500472AC7 /* InputChallengeDescriptionCell.xib in Resources */ = {isa = PBXBuildFile; fileRef = C93CF2E9293A0D4500472AC7 /* InputChallengeDescriptionCell.xib */; };
		C93CF2F6293A0D7F00472AC7 /* SetRewardCell.swift in Sources */ = {isa = PBXBuildFile; fileRef = C93CF2F4293A0D7F00472AC7 /* SetRewardCell.swift */; };
		C93CF2F7293A0D7F00472AC7 /* SetRewardCell.xib in Resources */ = {isa = PBXBuildFile; fileRef = C93CF2F5293A0D7F00472AC7 /* SetRewardCell.xib */; };
		C93CF2F9293A232500472AC7 /* ProfileViewModel.swift in Sources */ = {isa = PBXBuildFile; fileRef = C93CF2F8293A232500472AC7 /* ProfileViewModel.swift */; };
		C98500D52938B45000C701CD /* AddAreaViewModel.swift in Sources */ = {isa = PBXBuildFile; fileRef = C98500D42938B45000C701CD /* AddAreaViewModel.swift */; };
		C98500D82938BDBF00C701CD /* ScheduleHeaderCell.swift in Sources */ = {isa = PBXBuildFile; fileRef = C98500D62938BDBF00C701CD /* ScheduleHeaderCell.swift */; };
		C98500D92938BDBF00C701CD /* ScheduleHeaderCell.xib in Resources */ = {isa = PBXBuildFile; fileRef = C98500D72938BDBF00C701CD /* ScheduleHeaderCell.xib */; };
		C98500DC2938BDD000C701CD /* ScheduleItemCell.swift in Sources */ = {isa = PBXBuildFile; fileRef = C98500DA2938BDD000C701CD /* ScheduleItemCell.swift */; };
		C98500DD2938BDD000C701CD /* ScheduleItemCell.xib in Resources */ = {isa = PBXBuildFile; fileRef = C98500DB2938BDD000C701CD /* ScheduleItemCell.xib */; };
		C98500E02938D49500C701CD /* ScheduleCellType.swift in Sources */ = {isa = PBXBuildFile; fileRef = C98500DF2938D49500C701CD /* ScheduleCellType.swift */; };
		C98500E22938DF6900C701CD /* ScheduleViewModel.swift in Sources */ = {isa = PBXBuildFile; fileRef = C98500E12938DF6900C701CD /* ScheduleViewModel.swift */; };
		C98500E42938F02B00C701CD /* ScheduleHeaderActionType.swift in Sources */ = {isa = PBXBuildFile; fileRef = C98500E32938F02B00C701CD /* ScheduleHeaderActionType.swift */; };
		C9918C4A29374C5900BBB13A /* ListItemViewModel.swift in Sources */ = {isa = PBXBuildFile; fileRef = C9918C4929374C5900BBB13A /* ListItemViewModel.swift */; };
		C9918C4C2937745E00BBB13A /* TabBarController.swift in Sources */ = {isa = PBXBuildFile; fileRef = C9918C4B2937745E00BBB13A /* TabBarController.swift */; };
		C9ADDD7129360FFD003CC129 /* AddAreaVC.swift in Sources */ = {isa = PBXBuildFile; fileRef = C9ADDD6F29360FFD003CC129 /* AddAreaVC.swift */; };
		C9ADDD7229360FFD003CC129 /* AddAreaVC.xib in Resources */ = {isa = PBXBuildFile; fileRef = C9ADDD7029360FFD003CC129 /* AddAreaVC.xib */; };
		C9ADDD7D2936127C003CC129 /* UIColor+Extension.swift in Sources */ = {isa = PBXBuildFile; fileRef = C9ADDD7C2936127C003CC129 /* UIColor+Extension.swift */; };
		C9ADDD7F29362DCB003CC129 /* AllAreasViewModel.swift in Sources */ = {isa = PBXBuildFile; fileRef = C9ADDD7E29362DCB003CC129 /* AllAreasViewModel.swift */; };
		C9CE2542293DEF7300D89B53 /* User.swift in Sources */ = {isa = PBXBuildFile; fileRef = C9CE2541293DEF7300D89B53 /* User.swift */; };
		C9D56B38293B341700D6995F /* UserRepository.swift in Sources */ = {isa = PBXBuildFile; fileRef = C9D56B37293B341700D6995F /* UserRepository.swift */; };
		C9D56B3A293B356400D6995F /* SignInViewModel.swift in Sources */ = {isa = PBXBuildFile; fileRef = C9D56B39293B356400D6995F /* SignInViewModel.swift */; };
		C9D56B3D293B3C6C00D6995F /* ActivityPointCell.swift in Sources */ = {isa = PBXBuildFile; fileRef = C9D56B3B293B3C6C00D6995F /* ActivityPointCell.swift */; };
		C9D56B3E293B3C6C00D6995F /* ActivityPointCell.xib in Resources */ = {isa = PBXBuildFile; fileRef = C9D56B3C293B3C6C00D6995F /* ActivityPointCell.xib */; };
		C9D56B42293B4B2C00D6995F /* AllScheduleVC.swift in Sources */ = {isa = PBXBuildFile; fileRef = C9D56B40293B4B2C00D6995F /* AllScheduleVC.swift */; };
		C9D56B43293B4B2C00D6995F /* AllScheduleVC.xib in Resources */ = {isa = PBXBuildFile; fileRef = C9D56B41293B4B2C00D6995F /* AllScheduleVC.xib */; };
		C9D56B45293B4D5200D6995F /* AllScheduleViewModel.swift in Sources */ = {isa = PBXBuildFile; fileRef = C9D56B44293B4D5200D6995F /* AllScheduleViewModel.swift */; };
		C9D56B48293B542D00D6995F /* ActivityDetails.swift in Sources */ = {isa = PBXBuildFile; fileRef = C9D56B46293B542D00D6995F /* ActivityDetails.swift */; };
		C9D56B49293B542D00D6995F /* ActivityDetails.xib in Resources */ = {isa = PBXBuildFile; fileRef = C9D56B47293B542D00D6995F /* ActivityDetails.xib */; };
		C9D56B4C293B6ADD00D6995F /* ActivityDetailsViewModel.swift in Sources */ = {isa = PBXBuildFile; fileRef = C9D56B4B293B6ADD00D6995F /* ActivityDetailsViewModel.swift */; };
/* End PBXBuildFile section */

/* Begin PBXFileReference section */
		660E078729213E7E002201A3 /* ThrophyTableViewCell.swift */ = {isa = PBXFileReference; lastKnownFileType = sourcecode.swift; path = ThrophyTableViewCell.swift; sourceTree = "<group>"; };
		660E078829213E7E002201A3 /* ThrophyTableViewCell.xib */ = {isa = PBXFileReference; lastKnownFileType = file.xib; path = ThrophyTableViewCell.xib; sourceTree = "<group>"; };
		66280C3B2921444400C63CC6 /* ThropiesTableViewCell.swift */ = {isa = PBXFileReference; lastKnownFileType = sourcecode.swift; path = ThropiesTableViewCell.swift; sourceTree = "<group>"; };
		66280C3C2921444400C63CC6 /* ThropiesTableViewCell.xib */ = {isa = PBXFileReference; lastKnownFileType = file.xib; path = ThropiesTableViewCell.xib; sourceTree = "<group>"; };
		66280C3F2921456D00C63CC6 /* BadgesCreateViewController.swift */ = {isa = PBXFileReference; lastKnownFileType = sourcecode.swift; path = BadgesCreateViewController.swift; sourceTree = "<group>"; };
		66280C402921456D00C63CC6 /* BadgesCreateViewController.xib */ = {isa = PBXFileReference; lastKnownFileType = file.xib; path = BadgesCreateViewController.xib; sourceTree = "<group>"; };
		663A3F3929211B0B0059C2F3 /* BranchAreaViewController.swift */ = {isa = PBXFileReference; lastKnownFileType = sourcecode.swift; name = BranchAreaViewController.swift; path = Reclean/Schedule/BranchArea/BranchAreaViewController.swift; sourceTree = SOURCE_ROOT; };
		663A3F3A29211B0B0059C2F3 /* BranchAreaViewController.xib */ = {isa = PBXFileReference; lastKnownFileType = file.xib; path = BranchAreaViewController.xib; sourceTree = "<group>"; };
		663A3F3D29211FED0059C2F3 /* TodaysScheduleViewController.swift */ = {isa = PBXFileReference; lastKnownFileType = sourcecode.swift; path = TodaysScheduleViewController.swift; sourceTree = "<group>"; };
		663A3F3E29211FED0059C2F3 /* TodaysScheduleViewController.xib */ = {isa = PBXFileReference; lastKnownFileType = file.xib; path = TodaysScheduleViewController.xib; sourceTree = "<group>"; };
		663A3F43292123FB0059C2F3 /* BadgesFinishedViewController.swift */ = {isa = PBXFileReference; lastKnownFileType = sourcecode.swift; path = BadgesFinishedViewController.swift; sourceTree = "<group>"; };
		663A3F44292123FB0059C2F3 /* BadgesFinishedViewController.xib */ = {isa = PBXFileReference; lastKnownFileType = file.xib; path = BadgesFinishedViewController.xib; sourceTree = "<group>"; };
		663A3F48292126C50059C2F3 /* ProfileViewController.swift */ = {isa = PBXFileReference; lastKnownFileType = sourcecode.swift; path = ProfileViewController.swift; sourceTree = "<group>"; };
		663A3F49292126C50059C2F3 /* ProfileViewController.xib */ = {isa = PBXFileReference; lastKnownFileType = file.xib; path = ProfileViewController.xib; sourceTree = "<group>"; };
		663A3F51292136FF0059C2F3 /* AboutTableViewCell.swift */ = {isa = PBXFileReference; lastKnownFileType = sourcecode.swift; path = AboutTableViewCell.swift; sourceTree = "<group>"; };
		663A3F52292136FF0059C2F3 /* AboutTableViewCell.xib */ = {isa = PBXFileReference; lastKnownFileType = file.xib; path = AboutTableViewCell.xib; sourceTree = "<group>"; };
		66436F57293843B70034F844 /* InvitationCodeViewController.swift */ = {isa = PBXFileReference; lastKnownFileType = sourcecode.swift; path = InvitationCodeViewController.swift; sourceTree = "<group>"; };
		66436F58293843B70034F844 /* InvitationCodeViewController.xib */ = {isa = PBXFileReference; lastKnownFileType = file.xib; path = InvitationCodeViewController.xib; sourceTree = "<group>"; };
		6648828C2938B015003D1F33 /* ActiveChallengeTVC.swift */ = {isa = PBXFileReference; lastKnownFileType = sourcecode.swift; path = ActiveChallengeTVC.swift; sourceTree = "<group>"; };
		6648828D2938B015003D1F33 /* ActiveChallengeTVC.xib */ = {isa = PBXFileReference; lastKnownFileType = file.xib; path = ActiveChallengeTVC.xib; sourceTree = "<group>"; };
		664882902938B03D003D1F33 /* ActiveTagTVC.swift */ = {isa = PBXFileReference; lastKnownFileType = sourcecode.swift; path = ActiveTagTVC.swift; sourceTree = "<group>"; };
		664882912938B03D003D1F33 /* ActiveTagTVC.xib */ = {isa = PBXFileReference; lastKnownFileType = file.xib; path = ActiveTagTVC.xib; sourceTree = "<group>"; };
		664882942938B052003D1F33 /* PastChallengeTVC.swift */ = {isa = PBXFileReference; lastKnownFileType = sourcecode.swift; path = PastChallengeTVC.swift; sourceTree = "<group>"; };
		664882952938B052003D1F33 /* PastChallengeTVC.xib */ = {isa = PBXFileReference; lastKnownFileType = file.xib; path = PastChallengeTVC.xib; sourceTree = "<group>"; };
		664882982938B076003D1F33 /* PastChallengeTagTVC.swift */ = {isa = PBXFileReference; lastKnownFileType = sourcecode.swift; path = PastChallengeTagTVC.swift; sourceTree = "<group>"; };
		664882992938B076003D1F33 /* PastChallengeTagTVC.xib */ = {isa = PBXFileReference; lastKnownFileType = file.xib; path = PastChallengeTagTVC.xib; sourceTree = "<group>"; };
		665A52A92935071E0069E421 /* AddNewFamilyTFC.swift */ = {isa = PBXFileReference; lastKnownFileType = sourcecode.swift; path = AddNewFamilyTFC.swift; sourceTree = "<group>"; };
		665A52AA2935071E0069E421 /* AddNewFamilyTFC.xib */ = {isa = PBXFileReference; lastKnownFileType = file.xib; path = AddNewFamilyTFC.xib; sourceTree = "<group>"; };
		665A52AD293507480069E421 /* FamilyMemberTVC.swift */ = {isa = PBXFileReference; lastKnownFileType = sourcecode.swift; path = FamilyMemberTVC.swift; sourceTree = "<group>"; };
		665A52AE293507480069E421 /* FamilyMemberTVC.xib */ = {isa = PBXFileReference; lastKnownFileType = file.xib; path = FamilyMemberTVC.xib; sourceTree = "<group>"; };
		66698756291D112700F865ED /* Launch Screen.storyboard */ = {isa = PBXFileReference; lastKnownFileType = file.storyboard; path = "Launch Screen.storyboard"; sourceTree = "<group>"; };
		666C9070291D3E1D00AB065D /* AddAreaViewController.swift */ = {isa = PBXFileReference; lastKnownFileType = sourcecode.swift; path = AddAreaViewController.swift; sourceTree = "<group>"; };
		666C9071291D3E1D00AB065D /* AddAreaViewController.xib */ = {isa = PBXFileReference; lastKnownFileType = file.xib; path = AddAreaViewController.xib; sourceTree = "<group>"; };
		668871EB293587C60045770E /* InviteFamilyVC.swift */ = {isa = PBXFileReference; lastKnownFileType = sourcecode.swift; path = InviteFamilyVC.swift; sourceTree = "<group>"; };
		668871EC293587C60045770E /* InviteFamilyVC.xib */ = {isa = PBXFileReference; lastKnownFileType = file.xib; path = InviteFamilyVC.xib; sourceTree = "<group>"; };
		668F2631292276ED00412735 /* LearderBoardInfoTableViewCell.swift */ = {isa = PBXFileReference; lastKnownFileType = sourcecode.swift; path = LearderBoardInfoTableViewCell.swift; sourceTree = "<group>"; };
		668F2632292276ED00412735 /* LearderBoardInfoTableViewCell.xib */ = {isa = PBXFileReference; lastKnownFileType = file.xib; path = LearderBoardInfoTableViewCell.xib; sourceTree = "<group>"; };
		668F2635292279B000412735 /* RankNamePointTableViewCell.swift */ = {isa = PBXFileReference; lastKnownFileType = sourcecode.swift; path = RankNamePointTableViewCell.swift; sourceTree = "<group>"; };
		668F2636292279B000412735 /* RankNamePointTableViewCell.xib */ = {isa = PBXFileReference; lastKnownFileType = file.xib; path = RankNamePointTableViewCell.xib; sourceTree = "<group>"; };
		668F263929227BC200412735 /* RankTableViewCell.swift */ = {isa = PBXFileReference; lastKnownFileType = sourcecode.swift; path = RankTableViewCell.swift; sourceTree = "<group>"; };
		668F263A29227BC200412735 /* RankTableViewCell.xib */ = {isa = PBXFileReference; lastKnownFileType = file.xib; path = RankTableViewCell.xib; sourceTree = "<group>"; };
		668F263D29228A4900412735 /* DetailTaskTableViewCell.swift */ = {isa = PBXFileReference; lastKnownFileType = sourcecode.swift; path = DetailTaskTableViewCell.swift; sourceTree = "<group>"; };
		668F263E29228A4900412735 /* DetailTaskTableViewCell.xib */ = {isa = PBXFileReference; lastKnownFileType = file.xib; path = DetailTaskTableViewCell.xib; sourceTree = "<group>"; };
		668F264129228BB500412735 /* DetailTaskTagTableViewCell.swift */ = {isa = PBXFileReference; lastKnownFileType = sourcecode.swift; path = DetailTaskTagTableViewCell.swift; sourceTree = "<group>"; };
		668F264229228BB500412735 /* DetailTaskTagTableViewCell.xib */ = {isa = PBXFileReference; lastKnownFileType = file.xib; path = DetailTaskTagTableViewCell.xib; sourceTree = "<group>"; };
		668F264529228C4E00412735 /* DescriptionTableViewCell.swift */ = {isa = PBXFileReference; lastKnownFileType = sourcecode.swift; path = DescriptionTableViewCell.swift; sourceTree = "<group>"; };
		668F264629228C4E00412735 /* DescriptionTableViewCell.xib */ = {isa = PBXFileReference; lastKnownFileType = file.xib; path = DescriptionTableViewCell.xib; sourceTree = "<group>"; };
		668F264929228D2B00412735 /* RewardTableViewCell.swift */ = {isa = PBXFileReference; lastKnownFileType = sourcecode.swift; path = RewardTableViewCell.swift; sourceTree = "<group>"; };
		668F264A29228D2B00412735 /* RewardTableViewCell.xib */ = {isa = PBXFileReference; lastKnownFileType = file.xib; path = RewardTableViewCell.xib; sourceTree = "<group>"; };
		66BA5149292E050400014473 /* MainViewController.swift */ = {isa = PBXFileReference; lastKnownFileType = sourcecode.swift; path = MainViewController.swift; sourceTree = "<group>"; };
		66BA514A292E050400014473 /* MainViewController.xib */ = {isa = PBXFileReference; lastKnownFileType = file.xib; path = MainViewController.xib; sourceTree = "<group>"; };
		66C6FD05291A35770068D08B /* SignInUiViewController.swift */ = {isa = PBXFileReference; lastKnownFileType = sourcecode.swift; path = SignInUiViewController.swift; sourceTree = "<group>"; };
		66C6FD06291A35770068D08B /* SignInUiViewController.xib */ = {isa = PBXFileReference; lastKnownFileType = file.xib; path = SignInUiViewController.xib; sourceTree = "<group>"; };
		66C7275C293DF13100EB5C41 /* ComingSoonTVC.swift */ = {isa = PBXFileReference; lastKnownFileType = sourcecode.swift; path = ComingSoonTVC.swift; sourceTree = "<group>"; };
		66C7275D293DF13100EB5C41 /* ComingSoonTVC.xib */ = {isa = PBXFileReference; lastKnownFileType = file.xib; path = ComingSoonTVC.xib; sourceTree = "<group>"; };
		66CE2C5D2921D1C8007BD8E1 /* EndYearViewController.swift */ = {isa = PBXFileReference; lastKnownFileType = sourcecode.swift; path = EndYearViewController.swift; sourceTree = "<group>"; };
		66CE2C5E2921D1C8007BD8E1 /* EndYearViewController.xib */ = {isa = PBXFileReference; lastKnownFileType = file.xib; path = EndYearViewController.xib; sourceTree = "<group>"; };
		66DCC2CA293642FC004381C6 /* ScheduleViewController.swift */ = {isa = PBXFileReference; lastKnownFileType = sourcecode.swift; path = ScheduleViewController.swift; sourceTree = "<group>"; };
		66DCC2CB293642FC004381C6 /* ScheduleViewController.xib */ = {isa = PBXFileReference; lastKnownFileType = file.xib; path = ScheduleViewController.xib; sourceTree = "<group>"; };
		66F4BE70292FC569004CF4A6 /* ActivitiesTableViewCell.swift */ = {isa = PBXFileReference; lastKnownFileType = sourcecode.swift; path = ActivitiesTableViewCell.swift; sourceTree = "<group>"; };
		66F4BE71292FC569004CF4A6 /* ActivitiesTableViewCell.xib */ = {isa = PBXFileReference; lastKnownFileType = file.xib; path = ActivitiesTableViewCell.xib; sourceTree = "<group>"; };
		BD102B53292E0C9C00A29811 /* Date+Extension.swift */ = {isa = PBXFileReference; lastKnownFileType = sourcecode.swift; path = "Date+Extension.swift"; sourceTree = "<group>"; };
		BD102B56292E1C1000A29811 /* ListItemVC.swift */ = {isa = PBXFileReference; lastKnownFileType = sourcecode.swift; path = ListItemVC.swift; sourceTree = "<group>"; };
		BD102B57292E1C1000A29811 /* ListItemVC.xib */ = {isa = PBXFileReference; lastKnownFileType = file.xib; path = ListItemVC.xib; sourceTree = "<group>"; };
		BD102B5B292E1C5400A29811 /* CardItemCell.swift */ = {isa = PBXFileReference; lastKnownFileType = sourcecode.swift; path = CardItemCell.swift; sourceTree = "<group>"; };
		BD102B5C292E1C5400A29811 /* CardItemCell.xib */ = {isa = PBXFileReference; lastKnownFileType = file.xib; path = CardItemCell.xib; sourceTree = "<group>"; };
		BD1F467C2923727800B646F1 /* AllAreasVC.swift */ = {isa = PBXFileReference; lastKnownFileType = sourcecode.swift; path = AllAreasVC.swift; sourceTree = "<group>"; };
		BD1F467D2923727800B646F1 /* AllAreasVC.xib */ = {isa = PBXFileReference; lastKnownFileType = file.xib; path = AllAreasVC.xib; sourceTree = "<group>"; };
		BD1F468B2923753000B646F1 /* ChallengesVC.swift */ = {isa = PBXFileReference; lastKnownFileType = sourcecode.swift; path = ChallengesVC.swift; sourceTree = "<group>"; };
		BD1F468C2923753000B646F1 /* ChallengesVC.xib */ = {isa = PBXFileReference; lastKnownFileType = file.xib; path = ChallengesVC.xib; sourceTree = "<group>"; };
		BD51E82E290FC437007DFCC0 /* ReClean.app */ = {isa = PBXFileReference; explicitFileType = wrapper.application; includeInIndex = 0; path = ReClean.app; sourceTree = BUILT_PRODUCTS_DIR; };
		BD51E831290FC437007DFCC0 /* AppDelegate.swift */ = {isa = PBXFileReference; lastKnownFileType = sourcecode.swift; path = AppDelegate.swift; sourceTree = "<group>"; };
		BD51E833290FC437007DFCC0 /* SceneDelegate.swift */ = {isa = PBXFileReference; lastKnownFileType = sourcecode.swift; path = SceneDelegate.swift; sourceTree = "<group>"; };
		BD51E83A290FC439007DFCC0 /* Assets.xcassets */ = {isa = PBXFileReference; lastKnownFileType = folder.assetcatalog; path = Assets.xcassets; sourceTree = "<group>"; };
		BD51E83D290FC439007DFCC0 /* Base */ = {isa = PBXFileReference; lastKnownFileType = file.storyboard; name = Base; path = Base.lproj/LaunchScreen.storyboard; sourceTree = "<group>"; };
		BD51E83F290FC439007DFCC0 /* Info.plist */ = {isa = PBXFileReference; lastKnownFileType = text.plist.xml; path = Info.plist; sourceTree = "<group>"; };
		BD64AAF5292B6E76001653A1 /* AddItemDetailVC.swift */ = {isa = PBXFileReference; lastKnownFileType = sourcecode.swift; path = AddItemDetailVC.swift; sourceTree = "<group>"; };
		BD64AAF6292B6E76001653A1 /* AddItemDetailVC.xib */ = {isa = PBXFileReference; lastKnownFileType = file.xib; path = AddItemDetailVC.xib; sourceTree = "<group>"; };
		BD64AAF9292B6EEF001653A1 /* SelectItemCell.swift */ = {isa = PBXFileReference; lastKnownFileType = sourcecode.swift; path = SelectItemCell.swift; sourceTree = "<group>"; };
		BD64AAFA292B6EEF001653A1 /* SelectItemCell.xib */ = {isa = PBXFileReference; lastKnownFileType = file.xib; path = SelectItemCell.xib; sourceTree = "<group>"; };
		BD64AAFD292B6F6E001653A1 /* ItemNameCell.swift */ = {isa = PBXFileReference; lastKnownFileType = sourcecode.swift; path = ItemNameCell.swift; sourceTree = "<group>"; };
		BD64AAFE292B6F6E001653A1 /* ItemNameCell.xib */ = {isa = PBXFileReference; lastKnownFileType = file.xib; path = ItemNameCell.xib; sourceTree = "<group>"; };
		BD64AB01292B6F83001653A1 /* InitialDateCell.swift */ = {isa = PBXFileReference; lastKnownFileType = sourcecode.swift; path = InitialDateCell.swift; sourceTree = "<group>"; };
		BD64AB02292B6F83001653A1 /* InitialDateCell.xib */ = {isa = PBXFileReference; lastKnownFileType = file.xib; path = InitialDateCell.xib; sourceTree = "<group>"; };
		BD64AB05292B6FA3001653A1 /* IntervalTimeCell.swift */ = {isa = PBXFileReference; lastKnownFileType = sourcecode.swift; path = IntervalTimeCell.swift; sourceTree = "<group>"; };
		BD64AB06292B6FA3001653A1 /* IntervalTimeCell.xib */ = {isa = PBXFileReference; lastKnownFileType = file.xib; path = IntervalTimeCell.xib; sourceTree = "<group>"; };
		BDCDF6C8291A457E001BD533 /* AllItemsViewController.swift */ = {isa = PBXFileReference; lastKnownFileType = sourcecode.swift; path = AllItemsViewController.swift; sourceTree = "<group>"; };
		BDCDF6C9291A457E001BD533 /* AllItemsViewController.xib */ = {isa = PBXFileReference; lastKnownFileType = file.xib; path = AllItemsViewController.xib; sourceTree = "<group>"; };
		BDF69A032930C06D00AC594C /* MasterPlace.swift */ = {isa = PBXFileReference; lastKnownFileType = sourcecode.swift; path = MasterPlace.swift; sourceTree = "<group>"; };
		BDF69A052930C0D100AC594C /* Area.swift */ = {isa = PBXFileReference; lastKnownFileType = sourcecode.swift; path = Area.swift; sourceTree = "<group>"; };
		BDF69A072930C14200AC594C /* MasterActivity.swift */ = {isa = PBXFileReference; lastKnownFileType = sourcecode.swift; path = MasterActivity.swift; sourceTree = "<group>"; };
		BDF69A092930C18600AC594C /* ItemActivity.swift */ = {isa = PBXFileReference; lastKnownFileType = sourcecode.swift; path = ItemActivity.swift; sourceTree = "<group>"; };
		BDF69A0B2930C33800AC594C /* MasterInterval.swift */ = {isa = PBXFileReference; lastKnownFileType = sourcecode.swift; path = MasterInterval.swift; sourceTree = "<group>"; };
		BDF69A0E2930C6CB00AC594C /* MasterPlaceRepository.swift */ = {isa = PBXFileReference; lastKnownFileType = sourcecode.swift; path = MasterPlaceRepository.swift; sourceTree = "<group>"; };
		BDF69A102930C9CC00AC594C /* AreaRepository.swift */ = {isa = PBXFileReference; lastKnownFileType = sourcecode.swift; path = AreaRepository.swift; sourceTree = "<group>"; };
		BDF69A122930CCC800AC594C /* MasterActivityRepository.swift */ = {isa = PBXFileReference; lastKnownFileType = sourcecode.swift; path = MasterActivityRepository.swift; sourceTree = "<group>"; };
		BDF69A142930D0CD00AC594C /* ItemRepository.swift */ = {isa = PBXFileReference; lastKnownFileType = sourcecode.swift; path = ItemRepository.swift; sourceTree = "<group>"; };
		BDF69A162930D40900AC594C /* MasterIntervalRepository.swift */ = {isa = PBXFileReference; lastKnownFileType = sourcecode.swift; path = MasterIntervalRepository.swift; sourceTree = "<group>"; };
		BDF69A192930DCB900AC594C /* BranchAreaViewModel.swift */ = {isa = PBXFileReference; lastKnownFileType = sourcecode.swift; path = BranchAreaViewModel.swift; sourceTree = "<group>"; };
		BDF69A1B2930E31B00AC594C /* AddItemDetailViewModel.swift */ = {isa = PBXFileReference; lastKnownFileType = sourcecode.swift; path = AddItemDetailViewModel.swift; sourceTree = "<group>"; };
		BDFAB40E2934A871007C1F9F /* CardAreaCellCollectionViewCell.swift */ = {isa = PBXFileReference; lastKnownFileType = sourcecode.swift; path = CardAreaCellCollectionViewCell.swift; sourceTree = "<group>"; };
		BDFAB40F2934A871007C1F9F /* CardAreaCellCollectionViewCell.xib */ = {isa = PBXFileReference; lastKnownFileType = file.xib; path = CardAreaCellCollectionViewCell.xib; sourceTree = "<group>"; };
		BDFAB4122934BA3F007C1F9F /* Reclean.entitlements */ = {isa = PBXFileReference; lastKnownFileType = text.plist.entitlements; path = Reclean.entitlements; sourceTree = "<group>"; };
		BDFAB4142934BA4B007C1F9F /* CloudKit.framework */ = {isa = PBXFileReference; lastKnownFileType = wrapper.framework; name = CloudKit.framework; path = System/Library/Frameworks/CloudKit.framework; sourceTree = SDKROOT; };
		C93CF2E0293A0C7000472AC7 /* CreateChallengeVC.swift */ = {isa = PBXFileReference; lastKnownFileType = sourcecode.swift; path = CreateChallengeVC.swift; sourceTree = "<group>"; };
		C93CF2E1293A0C7000472AC7 /* CreateChallengeVC.xib */ = {isa = PBXFileReference; lastKnownFileType = file.xib; path = CreateChallengeVC.xib; sourceTree = "<group>"; };
		C93CF2E4293A0D2100472AC7 /* InputChallengeNameCell.swift */ = {isa = PBXFileReference; lastKnownFileType = sourcecode.swift; path = InputChallengeNameCell.swift; sourceTree = "<group>"; };
		C93CF2E5293A0D2100472AC7 /* InputChallengeNameCell.xib */ = {isa = PBXFileReference; lastKnownFileType = file.xib; path = InputChallengeNameCell.xib; sourceTree = "<group>"; };
		C93CF2E8293A0D4500472AC7 /* InputChallengeDescriptionCell.swift */ = {isa = PBXFileReference; lastKnownFileType = sourcecode.swift; path = InputChallengeDescriptionCell.swift; sourceTree = "<group>"; };
		C93CF2E9293A0D4500472AC7 /* InputChallengeDescriptionCell.xib */ = {isa = PBXFileReference; lastKnownFileType = file.xib; path = InputChallengeDescriptionCell.xib; sourceTree = "<group>"; };
		C93CF2F4293A0D7F00472AC7 /* SetRewardCell.swift */ = {isa = PBXFileReference; lastKnownFileType = sourcecode.swift; path = SetRewardCell.swift; sourceTree = "<group>"; };
		C93CF2F5293A0D7F00472AC7 /* SetRewardCell.xib */ = {isa = PBXFileReference; lastKnownFileType = file.xib; path = SetRewardCell.xib; sourceTree = "<group>"; };
		C93CF2F8293A232500472AC7 /* ProfileViewModel.swift */ = {isa = PBXFileReference; lastKnownFileType = sourcecode.swift; path = ProfileViewModel.swift; sourceTree = "<group>"; };
		C98500D42938B45000C701CD /* AddAreaViewModel.swift */ = {isa = PBXFileReference; lastKnownFileType = sourcecode.swift; path = AddAreaViewModel.swift; sourceTree = "<group>"; };
		C98500D62938BDBF00C701CD /* ScheduleHeaderCell.swift */ = {isa = PBXFileReference; lastKnownFileType = sourcecode.swift; path = ScheduleHeaderCell.swift; sourceTree = "<group>"; };
		C98500D72938BDBF00C701CD /* ScheduleHeaderCell.xib */ = {isa = PBXFileReference; lastKnownFileType = file.xib; path = ScheduleHeaderCell.xib; sourceTree = "<group>"; };
		C98500DA2938BDD000C701CD /* ScheduleItemCell.swift */ = {isa = PBXFileReference; lastKnownFileType = sourcecode.swift; path = ScheduleItemCell.swift; sourceTree = "<group>"; };
		C98500DB2938BDD000C701CD /* ScheduleItemCell.xib */ = {isa = PBXFileReference; lastKnownFileType = file.xib; path = ScheduleItemCell.xib; sourceTree = "<group>"; };
		C98500DF2938D49500C701CD /* ScheduleCellType.swift */ = {isa = PBXFileReference; lastKnownFileType = sourcecode.swift; path = ScheduleCellType.swift; sourceTree = "<group>"; };
		C98500E12938DF6900C701CD /* ScheduleViewModel.swift */ = {isa = PBXFileReference; lastKnownFileType = sourcecode.swift; path = ScheduleViewModel.swift; sourceTree = "<group>"; };
		C98500E32938F02B00C701CD /* ScheduleHeaderActionType.swift */ = {isa = PBXFileReference; lastKnownFileType = sourcecode.swift; path = ScheduleHeaderActionType.swift; sourceTree = "<group>"; };
		C9918C4929374C5900BBB13A /* ListItemViewModel.swift */ = {isa = PBXFileReference; lastKnownFileType = sourcecode.swift; path = ListItemViewModel.swift; sourceTree = "<group>"; };
		C9918C4B2937745E00BBB13A /* TabBarController.swift */ = {isa = PBXFileReference; lastKnownFileType = sourcecode.swift; path = TabBarController.swift; sourceTree = "<group>"; };
		C9ADDD6F29360FFD003CC129 /* AddAreaVC.swift */ = {isa = PBXFileReference; lastKnownFileType = sourcecode.swift; path = AddAreaVC.swift; sourceTree = "<group>"; };
		C9ADDD7029360FFD003CC129 /* AddAreaVC.xib */ = {isa = PBXFileReference; lastKnownFileType = file.xib; path = AddAreaVC.xib; sourceTree = "<group>"; };
		C9ADDD7C2936127C003CC129 /* UIColor+Extension.swift */ = {isa = PBXFileReference; lastKnownFileType = sourcecode.swift; path = "UIColor+Extension.swift"; sourceTree = "<group>"; };
		C9ADDD7E29362DCB003CC129 /* AllAreasViewModel.swift */ = {isa = PBXFileReference; lastKnownFileType = sourcecode.swift; path = AllAreasViewModel.swift; sourceTree = "<group>"; };
		C9CE2541293DEF7300D89B53 /* User.swift */ = {isa = PBXFileReference; lastKnownFileType = sourcecode.swift; path = User.swift; sourceTree = "<group>"; };
		C9D56B37293B341700D6995F /* UserRepository.swift */ = {isa = PBXFileReference; lastKnownFileType = sourcecode.swift; path = UserRepository.swift; sourceTree = "<group>"; };
		C9D56B39293B356400D6995F /* SignInViewModel.swift */ = {isa = PBXFileReference; lastKnownFileType = sourcecode.swift; path = SignInViewModel.swift; sourceTree = "<group>"; };
		C9D56B3B293B3C6C00D6995F /* ActivityPointCell.swift */ = {isa = PBXFileReference; lastKnownFileType = sourcecode.swift; path = ActivityPointCell.swift; sourceTree = "<group>"; };
		C9D56B3C293B3C6C00D6995F /* ActivityPointCell.xib */ = {isa = PBXFileReference; lastKnownFileType = file.xib; path = ActivityPointCell.xib; sourceTree = "<group>"; };
		C9D56B40293B4B2C00D6995F /* AllScheduleVC.swift */ = {isa = PBXFileReference; lastKnownFileType = sourcecode.swift; path = AllScheduleVC.swift; sourceTree = "<group>"; };
		C9D56B41293B4B2C00D6995F /* AllScheduleVC.xib */ = {isa = PBXFileReference; lastKnownFileType = file.xib; path = AllScheduleVC.xib; sourceTree = "<group>"; };
		C9D56B44293B4D5200D6995F /* AllScheduleViewModel.swift */ = {isa = PBXFileReference; lastKnownFileType = sourcecode.swift; path = AllScheduleViewModel.swift; sourceTree = "<group>"; };
		C9D56B46293B542D00D6995F /* ActivityDetails.swift */ = {isa = PBXFileReference; lastKnownFileType = sourcecode.swift; path = ActivityDetails.swift; sourceTree = "<group>"; };
		C9D56B47293B542D00D6995F /* ActivityDetails.xib */ = {isa = PBXFileReference; lastKnownFileType = file.xib; path = ActivityDetails.xib; sourceTree = "<group>"; };
		C9D56B4B293B6ADD00D6995F /* ActivityDetailsViewModel.swift */ = {isa = PBXFileReference; lastKnownFileType = sourcecode.swift; path = ActivityDetailsViewModel.swift; sourceTree = "<group>"; };
/* End PBXFileReference section */

/* Begin PBXFrameworksBuildPhase section */
		BD51E82B290FC437007DFCC0 /* Frameworks */ = {
			isa = PBXFrameworksBuildPhase;
			buildActionMask = 2147483647;
			files = (
				BDFAB4152934BA4B007C1F9F /* CloudKit.framework in Frameworks */,
			);
			runOnlyForDeploymentPostprocessing = 0;
		};
/* End PBXFrameworksBuildPhase section */

/* Begin PBXGroup section */
		663A3F332920F6C30059C2F3 /* Cell */ = {
			isa = PBXGroup;
			children = (
				C98500D62938BDBF00C701CD /* ScheduleHeaderCell.swift */,
				C98500D72938BDBF00C701CD /* ScheduleHeaderCell.xib */,
				C98500DA2938BDD000C701CD /* ScheduleItemCell.swift */,
				C98500DB2938BDD000C701CD /* ScheduleItemCell.xib */,
			);
			path = Cell;
			sourceTree = "<group>";
		};
		663A3F412921230B0059C2F3 /* Badges */ = {
			isa = PBXGroup;
			children = (
				663A3F43292123FB0059C2F3 /* BadgesFinishedViewController.swift */,
				663A3F44292123FB0059C2F3 /* BadgesFinishedViewController.xib */,
				66280C3F2921456D00C63CC6 /* BadgesCreateViewController.swift */,
				66280C402921456D00C63CC6 /* BadgesCreateViewController.xib */,
			);
			path = Badges;
			sourceTree = "<group>";
		};
		663A3F47292126B40059C2F3 /* Profile */ = {
			isa = PBXGroup;
			children = (
				663A3F48292126C50059C2F3 /* ProfileViewController.swift */,
				663A3F49292126C50059C2F3 /* ProfileViewController.xib */,
				C93CF2F8293A232500472AC7 /* ProfileViewModel.swift */,
				668871EB293587C60045770E /* InviteFamilyVC.swift */,
				668871EC293587C60045770E /* InviteFamilyVC.xib */,
				663A3F50292135EC0059C2F3 /* Cell */,
			);
			path = Profile;
			sourceTree = "<group>";
		};
		663A3F50292135EC0059C2F3 /* Cell */ = {
			isa = PBXGroup;
			children = (
				663A3F51292136FF0059C2F3 /* AboutTableViewCell.swift */,
				663A3F52292136FF0059C2F3 /* AboutTableViewCell.xib */,
				660E078729213E7E002201A3 /* ThrophyTableViewCell.swift */,
				660E078829213E7E002201A3 /* ThrophyTableViewCell.xib */,
				66280C3B2921444400C63CC6 /* ThropiesTableViewCell.swift */,
				66280C3C2921444400C63CC6 /* ThropiesTableViewCell.xib */,
				66F4BE70292FC569004CF4A6 /* ActivitiesTableViewCell.swift */,
				66F4BE71292FC569004CF4A6 /* ActivitiesTableViewCell.xib */,
				665A52A92935071E0069E421 /* AddNewFamilyTFC.swift */,
				665A52AA2935071E0069E421 /* AddNewFamilyTFC.xib */,
				665A52AD293507480069E421 /* FamilyMemberTVC.swift */,
				665A52AE293507480069E421 /* FamilyMemberTVC.xib */,
				C9D56B3B293B3C6C00D6995F /* ActivityPointCell.swift */,
				C9D56B3C293B3C6C00D6995F /* ActivityPointCell.xib */,
				66C7275C293DF13100EB5C41 /* ComingSoonTVC.swift */,
				66C7275D293DF13100EB5C41 /* ComingSoonTVC.xib */,
			);
			path = Cell;
			sourceTree = "<group>";
		};
		6648828B2938AFEB003D1F33 /* Cell */ = {
			isa = PBXGroup;
			children = (
				6648828C2938B015003D1F33 /* ActiveChallengeTVC.swift */,
				6648828D2938B015003D1F33 /* ActiveChallengeTVC.xib */,
				664882902938B03D003D1F33 /* ActiveTagTVC.swift */,
				664882912938B03D003D1F33 /* ActiveTagTVC.xib */,
				664882942938B052003D1F33 /* PastChallengeTVC.swift */,
				664882952938B052003D1F33 /* PastChallengeTVC.xib */,
				664882982938B076003D1F33 /* PastChallengeTagTVC.swift */,
				664882992938B076003D1F33 /* PastChallengeTagTVC.xib */,
			);
			path = Cell;
			sourceTree = "<group>";
		};
		668F2630292276BA00412735 /* Cell */ = {
			isa = PBXGroup;
			children = (
				668F2631292276ED00412735 /* LearderBoardInfoTableViewCell.swift */,
				668F2632292276ED00412735 /* LearderBoardInfoTableViewCell.xib */,
				668F2635292279B000412735 /* RankNamePointTableViewCell.swift */,
				668F2636292279B000412735 /* RankNamePointTableViewCell.xib */,
				668F263929227BC200412735 /* RankTableViewCell.swift */,
				668F263A29227BC200412735 /* RankTableViewCell.xib */,
				668F263D29228A4900412735 /* DetailTaskTableViewCell.swift */,
				668F263E29228A4900412735 /* DetailTaskTableViewCell.xib */,
				668F264129228BB500412735 /* DetailTaskTagTableViewCell.swift */,
				668F264229228BB500412735 /* DetailTaskTagTableViewCell.xib */,
				668F264529228C4E00412735 /* DescriptionTableViewCell.swift */,
				668F264629228C4E00412735 /* DescriptionTableViewCell.xib */,
				668F264929228D2B00412735 /* RewardTableViewCell.swift */,
				668F264A29228D2B00412735 /* RewardTableViewCell.xib */,
			);
			path = Cell;
			sourceTree = "<group>";
		};
		66C6FD03291A32780068D08B /* OnBoarding */ = {
			isa = PBXGroup;
			children = (
				66C6FD06291A35770068D08B /* SignInUiViewController.xib */,
				66C6FD05291A35770068D08B /* SignInUiViewController.swift */,
				666C9071291D3E1D00AB065D /* AddAreaViewController.xib */,
				666C9070291D3E1D00AB065D /* AddAreaViewController.swift */,
				66BA514A292E050400014473 /* MainViewController.xib */,
				66BA5149292E050400014473 /* MainViewController.swift */,
				C9918C4B2937745E00BBB13A /* TabBarController.swift */,
				C9D56B39293B356400D6995F /* SignInViewModel.swift */,
			);
			path = OnBoarding;
			sourceTree = "<group>";
		};
		66C6FD04291A32C30068D08B /* Schedule */ = {
			isa = PBXGroup;
			children = (
				C9D56B3F293B4B0900D6995F /* AllSchedule */,
				C98500DE2938D45E00C701CD /* Enums */,
				66DCC2CA293642FC004381C6 /* ScheduleViewController.swift */,
				66DCC2CB293642FC004381C6 /* ScheduleViewController.xib */,
				C98500E12938DF6900C701CD /* ScheduleViewModel.swift */,
				BDF69A182930DC7B00AC594C /* BranchArea */,
				663A3F3E29211FED0059C2F3 /* TodaysScheduleViewController.xib */,
				663A3F3D29211FED0059C2F3 /* TodaysScheduleViewController.swift */,
				663A3F332920F6C30059C2F3 /* Cell */,
			);
			path = Schedule;
			sourceTree = "<group>";
		};
		66CE2C5C2921D19F007BD8E1 /* Challenges */ = {
			isa = PBXGroup;
			children = (
				66CE2C5D2921D1C8007BD8E1 /* EndYearViewController.swift */,
				66CE2C5E2921D1C8007BD8E1 /* EndYearViewController.xib */,
				66436F57293843B70034F844 /* InvitationCodeViewController.swift */,
				66436F58293843B70034F844 /* InvitationCodeViewController.xib */,
				668F2630292276BA00412735 /* Cell */,
			);
			path = Challenges;
			sourceTree = "<group>";
		};
		BD102B52292E0C8200A29811 /* Utils */ = {
			isa = PBXGroup;
			children = (
				BD102B53292E0C9C00A29811 /* Date+Extension.swift */,
				C9ADDD7C2936127C003CC129 /* UIColor+Extension.swift */,
			);
			path = Utils;
			sourceTree = "<group>";
		};
		BD102B55292E1BEB00A29811 /* ListItem */ = {
			isa = PBXGroup;
			children = (
				BD102B5A292E1C3700A29811 /* Cell */,
				BD102B56292E1C1000A29811 /* ListItemVC.swift */,
				BD102B57292E1C1000A29811 /* ListItemVC.xib */,
				C9918C4929374C5900BBB13A /* ListItemViewModel.swift */,
			);
			path = ListItem;
			sourceTree = "<group>";
		};
		BD102B5A292E1C3700A29811 /* Cell */ = {
			isa = PBXGroup;
			children = (
				BD102B5B292E1C5400A29811 /* CardItemCell.swift */,
				BD102B5C292E1C5400A29811 /* CardItemCell.xib */,
			);
			path = Cell;
			sourceTree = "<group>";
		};
		BD1F46712923719500B646F1 /* AddItemDetails */ = {
			isa = PBXGroup;
			children = (
				BD1F4676292371F900B646F1 /* Cells */,
				BD64AAF5292B6E76001653A1 /* AddItemDetailVC.swift */,
				BD64AAF6292B6E76001653A1 /* AddItemDetailVC.xib */,
				BDF69A1B2930E31B00AC594C /* AddItemDetailViewModel.swift */,
			);
			path = AddItemDetails;
			sourceTree = "<group>";
		};
		BD1F4676292371F900B646F1 /* Cells */ = {
			isa = PBXGroup;
			children = (
				BD64AAF9292B6EEF001653A1 /* SelectItemCell.swift */,
				BD64AAFA292B6EEF001653A1 /* SelectItemCell.xib */,
				BD64AAFD292B6F6E001653A1 /* ItemNameCell.swift */,
				BD64AAFE292B6F6E001653A1 /* ItemNameCell.xib */,
				BD64AB01292B6F83001653A1 /* InitialDateCell.swift */,
				BD64AB02292B6F83001653A1 /* InitialDateCell.xib */,
				BD64AB05292B6FA3001653A1 /* IntervalTimeCell.swift */,
				BD64AB06292B6FA3001653A1 /* IntervalTimeCell.xib */,
			);
			path = Cells;
			sourceTree = "<group>";
		};
		BD1F467B2923725D00B646F1 /* AllAreas */ = {
			isa = PBXGroup;
			children = (
				C9D56B4A293B5A2700D6995F /* ActivityDetails */,
				C9ADDD6E29360F6E003CC129 /* AddArea */,
				BD1F46852923732900B646F1 /* Cells */,
				BD1F467C2923727800B646F1 /* AllAreasVC.swift */,
				BD1F467D2923727800B646F1 /* AllAreasVC.xib */,
				C9ADDD7E29362DCB003CC129 /* AllAreasViewModel.swift */,
			);
			path = AllAreas;
			sourceTree = "<group>";
		};
		BD1F46852923732900B646F1 /* Cells */ = {
			isa = PBXGroup;
			children = (
				BDFAB40E2934A871007C1F9F /* CardAreaCellCollectionViewCell.swift */,
				BDFAB40F2934A871007C1F9F /* CardAreaCellCollectionViewCell.xib */,
			);
			path = Cells;
			sourceTree = "<group>";
		};
		BD1F468A292374E800B646F1 /* TabChallenges */ = {
			isa = PBXGroup;
			children = (
				C93CF2DC293A0BAA00472AC7 /* CreateChallenge */,
				6648828B2938AFEB003D1F33 /* Cell */,
				BD1F468B2923753000B646F1 /* ChallengesVC.swift */,
				BD1F468C2923753000B646F1 /* ChallengesVC.xib */,
			);
			path = TabChallenges;
			sourceTree = "<group>";
		};
		BD51E825290FC437007DFCC0 = {
			isa = PBXGroup;
			children = (
				66698756291D112700F865ED /* Launch Screen.storyboard */,
				BD51E830290FC437007DFCC0 /* Reclean */,
				BD51E82F290FC437007DFCC0 /* Products */,
				BDFAB4132934BA4B007C1F9F /* Frameworks */,
			);
			sourceTree = "<group>";
		};
		BD51E82F290FC437007DFCC0 /* Products */ = {
			isa = PBXGroup;
			children = (
				BD51E82E290FC437007DFCC0 /* ReClean.app */,
			);
			name = Products;
			sourceTree = "<group>";
		};
		BD51E830290FC437007DFCC0 /* Reclean */ = {
			isa = PBXGroup;
			children = (
				BDFAB4122934BA3F007C1F9F /* Reclean.entitlements */,
				BDF69A0D2930C62B00AC594C /* Repositories */,
				BDF69A002930A99B00AC594C /* Models */,
				BD102B52292E0C8200A29811 /* Utils */,
				BD1F468A292374E800B646F1 /* TabChallenges */,
				BD1F467B2923725D00B646F1 /* AllAreas */,
				BDC1AD3B2920A76100481CB9 /* AreaDetails */,
				66CE2C5C2921D19F007BD8E1 /* Challenges */,
				663A3F47292126B40059C2F3 /* Profile */,
				BDCDF6C7291A453E001BD533 /* CleaningItems */,
				66C6FD04291A32C30068D08B /* Schedule */,
				66C6FD03291A32780068D08B /* OnBoarding */,
				663A3F412921230B0059C2F3 /* Badges */,
				BD51E831290FC437007DFCC0 /* AppDelegate.swift */,
				BD51E833290FC437007DFCC0 /* SceneDelegate.swift */,
				BD51E83A290FC439007DFCC0 /* Assets.xcassets */,
				BD51E83C290FC439007DFCC0 /* LaunchScreen.storyboard */,
				BD51E83F290FC439007DFCC0 /* Info.plist */,
			);
			path = Reclean;
			sourceTree = "<group>";
		};
		BDC1AD3B2920A76100481CB9 /* AreaDetails */ = {
			isa = PBXGroup;
			children = (
				BD102B55292E1BEB00A29811 /* ListItem */,
				BD1F46712923719500B646F1 /* AddItemDetails */,
			);
			path = AreaDetails;
			sourceTree = "<group>";
		};
		BDCDF6C7291A453E001BD533 /* CleaningItems */ = {
			isa = PBXGroup;
			children = (
				BDCDF6C8291A457E001BD533 /* AllItemsViewController.swift */,
				BDCDF6C9291A457E001BD533 /* AllItemsViewController.xib */,
			);
			path = CleaningItems;
			sourceTree = "<group>";
		};
		BDF69A002930A99B00AC594C /* Models */ = {
			isa = PBXGroup;
			children = (
				BDF69A032930C06D00AC594C /* MasterPlace.swift */,
				BDF69A052930C0D100AC594C /* Area.swift */,
				BDF69A072930C14200AC594C /* MasterActivity.swift */,
				BDF69A092930C18600AC594C /* ItemActivity.swift */,
				BDF69A0B2930C33800AC594C /* MasterInterval.swift */,
				C9CE2541293DEF7300D89B53 /* User.swift */,
			);
			path = Models;
			sourceTree = "<group>";
		};
		BDF69A0D2930C62B00AC594C /* Repositories */ = {
			isa = PBXGroup;
			children = (
				BDF69A0E2930C6CB00AC594C /* MasterPlaceRepository.swift */,
				BDF69A102930C9CC00AC594C /* AreaRepository.swift */,
				BDF69A122930CCC800AC594C /* MasterActivityRepository.swift */,
				BDF69A142930D0CD00AC594C /* ItemRepository.swift */,
				BDF69A162930D40900AC594C /* MasterIntervalRepository.swift */,
				C9D56B37293B341700D6995F /* UserRepository.swift */,
			);
			path = Repositories;
			sourceTree = "<group>";
		};
		BDF69A182930DC7B00AC594C /* BranchArea */ = {
			isa = PBXGroup;
			children = (
				663A3F3A29211B0B0059C2F3 /* BranchAreaViewController.xib */,
				663A3F3929211B0B0059C2F3 /* BranchAreaViewController.swift */,
				BDF69A192930DCB900AC594C /* BranchAreaViewModel.swift */,
			);
			path = BranchArea;
			sourceTree = "<group>";
		};
		BDFAB4132934BA4B007C1F9F /* Frameworks */ = {
			isa = PBXGroup;
			children = (
				BDFAB4142934BA4B007C1F9F /* CloudKit.framework */,
			);
			name = Frameworks;
			sourceTree = "<group>";
		};
		C93CF2DC293A0BAA00472AC7 /* CreateChallenge */ = {
			isa = PBXGroup;
			children = (
				C93CF2DD293A0BCC00472AC7 /* Cell */,
				C93CF2E0293A0C7000472AC7 /* CreateChallengeVC.swift */,
				C93CF2E1293A0C7000472AC7 /* CreateChallengeVC.xib */,
			);
			path = CreateChallenge;
			sourceTree = "<group>";
		};
		C93CF2DD293A0BCC00472AC7 /* Cell */ = {
			isa = PBXGroup;
			children = (
				C93CF2E4293A0D2100472AC7 /* InputChallengeNameCell.swift */,
				C93CF2E5293A0D2100472AC7 /* InputChallengeNameCell.xib */,
				C93CF2E8293A0D4500472AC7 /* InputChallengeDescriptionCell.swift */,
				C93CF2E9293A0D4500472AC7 /* InputChallengeDescriptionCell.xib */,
				C93CF2F4293A0D7F00472AC7 /* SetRewardCell.swift */,
				C93CF2F5293A0D7F00472AC7 /* SetRewardCell.xib */,
			);
			path = Cell;
			sourceTree = "<group>";
		};
		C98500DE2938D45E00C701CD /* Enums */ = {
			isa = PBXGroup;
			children = (
				C98500DF2938D49500C701CD /* ScheduleCellType.swift */,
				C98500E32938F02B00C701CD /* ScheduleHeaderActionType.swift */,
			);
			path = Enums;
			sourceTree = "<group>";
		};
		C9ADDD6E29360F6E003CC129 /* AddArea */ = {
			isa = PBXGroup;
			children = (
				C9ADDD6F29360FFD003CC129 /* AddAreaVC.swift */,
				C9ADDD7029360FFD003CC129 /* AddAreaVC.xib */,
				C98500D42938B45000C701CD /* AddAreaViewModel.swift */,
			);
			path = AddArea;
			sourceTree = "<group>";
		};
		C9D56B3F293B4B0900D6995F /* AllSchedule */ = {
			isa = PBXGroup;
			children = (
				C9D56B40293B4B2C00D6995F /* AllScheduleVC.swift */,
				C9D56B41293B4B2C00D6995F /* AllScheduleVC.xib */,
				C9D56B44293B4D5200D6995F /* AllScheduleViewModel.swift */,
			);
			path = AllSchedule;
			sourceTree = "<group>";
		};
		C9D56B4A293B5A2700D6995F /* ActivityDetails */ = {
			isa = PBXGroup;
			children = (
				C9D56B46293B542D00D6995F /* ActivityDetails.swift */,
				C9D56B47293B542D00D6995F /* ActivityDetails.xib */,
				C9D56B4B293B6ADD00D6995F /* ActivityDetailsViewModel.swift */,
			);
			path = ActivityDetails;
			sourceTree = "<group>";
		};
/* End PBXGroup section */

/* Begin PBXNativeTarget section */
		BD51E82D290FC437007DFCC0 /* ReClean */ = {
			isa = PBXNativeTarget;
			buildConfigurationList = BD51E842290FC439007DFCC0 /* Build configuration list for PBXNativeTarget "ReClean" */;
			buildPhases = (
				BD51E82A290FC437007DFCC0 /* Sources */,
				BD51E82B290FC437007DFCC0 /* Frameworks */,
				BD51E82C290FC437007DFCC0 /* Resources */,
			);
			buildRules = (
			);
			dependencies = (
			);
			name = ReClean;
			productName = Reclean;
			productReference = BD51E82E290FC437007DFCC0 /* ReClean.app */;
			productType = "com.apple.product-type.application";
		};
/* End PBXNativeTarget section */

/* Begin PBXProject section */
		BD51E826290FC437007DFCC0 /* Project object */ = {
			isa = PBXProject;
			attributes = {
				BuildIndependentTargetsInParallel = 1;
				LastSwiftUpdateCheck = 1340;
				LastUpgradeCheck = 1340;
				TargetAttributes = {
					BD51E82D290FC437007DFCC0 = {
						CreatedOnToolsVersion = 13.4;
					};
				};
			};
			buildConfigurationList = BD51E829290FC437007DFCC0 /* Build configuration list for PBXProject "Reclean" */;
			compatibilityVersion = "Xcode 13.0";
			developmentRegion = en;
			hasScannedForEncodings = 0;
			knownRegions = (
				en,
				Base,
			);
			mainGroup = BD51E825290FC437007DFCC0;
			productRefGroup = BD51E82F290FC437007DFCC0 /* Products */;
			projectDirPath = "";
			projectRoot = "";
			targets = (
				BD51E82D290FC437007DFCC0 /* ReClean */,
			);
		};
/* End PBXProject section */

/* Begin PBXResourcesBuildPhase section */
		BD51E82C290FC437007DFCC0 /* Resources */ = {
			isa = PBXResourcesBuildPhase;
			buildActionMask = 2147483647;
			files = (
				66436F5A293843B70034F844 /* InvitationCodeViewController.xib in Resources */,
				BD64AAF8292B6E76001653A1 /* AddItemDetailVC.xib in Resources */,
				C93CF2E3293A0C7000472AC7 /* CreateChallengeVC.xib in Resources */,
				C9D56B3E293B3C6C00D6995F /* ActivityPointCell.xib in Resources */,
				66C6FD08291A35770068D08B /* SignInUiViewController.xib in Resources */,
				664882932938B03D003D1F33 /* ActiveTagTVC.xib in Resources */,
				C9D56B49293B542D00D6995F /* ActivityDetails.xib in Resources */,
				66C7275F293DF13100EB5C41 /* ComingSoonTVC.xib in Resources */,
				6648829B2938B076003D1F33 /* PastChallengeTagTVC.xib in Resources */,
				BD64AAFC292B6EEF001653A1 /* SelectItemCell.xib in Resources */,
				BD64AB04292B6F83001653A1 /* InitialDateCell.xib in Resources */,
				663A3F3C29211B0B0059C2F3 /* BranchAreaViewController.xib in Resources */,
				BD51E83E290FC439007DFCC0 /* LaunchScreen.storyboard in Resources */,
				BDCDF6CB291A457E001BD533 /* AllItemsViewController.xib in Resources */,
				BD1F467F2923727800B646F1 /* AllAreasVC.xib in Resources */,
				BDFAB4112934A871007C1F9F /* CardAreaCellCollectionViewCell.xib in Resources */,
				C93CF2F7293A0D7F00472AC7 /* SetRewardCell.xib in Resources */,
				66280C422921456D00C63CC6 /* BadgesCreateViewController.xib in Resources */,
				C98500DD2938BDD000C701CD /* ScheduleItemCell.xib in Resources */,
				BD51E83B290FC439007DFCC0 /* Assets.xcassets in Resources */,
				663A3F4029211FED0059C2F3 /* TodaysScheduleViewController.xib in Resources */,
				668F264C29228D2B00412735 /* RewardTableViewCell.xib in Resources */,
				66698757291D112700F865ED /* Launch Screen.storyboard in Resources */,
				BD64AB08292B6FA3001653A1 /* IntervalTimeCell.xib in Resources */,
				BD1F468E2923753000B646F1 /* ChallengesVC.xib in Resources */,
				BD64AB00292B6F6E001653A1 /* ItemNameCell.xib in Resources */,
				660E078A29213E7E002201A3 /* ThrophyTableViewCell.xib in Resources */,
				665A52B0293507480069E421 /* FamilyMemberTVC.xib in Resources */,
				668F264429228BB500412735 /* DetailTaskTagTableViewCell.xib in Resources */,
				66CE2C602921D1C8007BD8E1 /* EndYearViewController.xib in Resources */,
				663A3F46292123FB0059C2F3 /* BadgesFinishedViewController.xib in Resources */,
				C9D56B43293B4B2C00D6995F /* AllScheduleVC.xib in Resources */,
				6648828F2938B015003D1F33 /* ActiveChallengeTVC.xib in Resources */,
				668871EE293587C60045770E /* InviteFamilyVC.xib in Resources */,
				663A3F54292136FF0059C2F3 /* AboutTableViewCell.xib in Resources */,
				664882972938B052003D1F33 /* PastChallengeTVC.xib in Resources */,
				C93CF2E7293A0D2100472AC7 /* InputChallengeNameCell.xib in Resources */,
				668F264829228C4E00412735 /* DescriptionTableViewCell.xib in Resources */,
				668F264029228A4900412735 /* DetailTaskTableViewCell.xib in Resources */,
				C98500D92938BDBF00C701CD /* ScheduleHeaderCell.xib in Resources */,
				C9ADDD7229360FFD003CC129 /* AddAreaVC.xib in Resources */,
				C93CF2EB293A0D4500472AC7 /* InputChallengeDescriptionCell.xib in Resources */,
				666C9073291D3E1D00AB065D /* AddAreaViewController.xib in Resources */,
				66280C3E2921444400C63CC6 /* ThropiesTableViewCell.xib in Resources */,
				BD102B59292E1C1000A29811 /* ListItemVC.xib in Resources */,
				668F2634292276ED00412735 /* LearderBoardInfoTableViewCell.xib in Resources */,
				66BA514C292E050400014473 /* MainViewController.xib in Resources */,
				66DCC2CD293642FC004381C6 /* ScheduleViewController.xib in Resources */,
				66F4BE73292FC569004CF4A6 /* ActivitiesTableViewCell.xib in Resources */,
				BD102B5E292E1C5400A29811 /* CardItemCell.xib in Resources */,
				665A52AC2935071E0069E421 /* AddNewFamilyTFC.xib in Resources */,
				668F2638292279B000412735 /* RankNamePointTableViewCell.xib in Resources */,
				668F263C29227BC200412735 /* RankTableViewCell.xib in Resources */,
				663A3F4B292126C50059C2F3 /* ProfileViewController.xib in Resources */,
			);
			runOnlyForDeploymentPostprocessing = 0;
		};
/* End PBXResourcesBuildPhase section */

/* Begin PBXSourcesBuildPhase section */
		BD51E82A290FC437007DFCC0 /* Sources */ = {
			isa = PBXSourcesBuildPhase;
			buildActionMask = 2147483647;
			files = (
				BDF69A132930CCC800AC594C /* MasterActivityRepository.swift in Sources */,
				C9ADDD7D2936127C003CC129 /* UIColor+Extension.swift in Sources */,
				BD64AAFB292B6EEF001653A1 /* SelectItemCell.swift in Sources */,
				665A52AF293507480069E421 /* FamilyMemberTVC.swift in Sources */,
				C98500E02938D49500C701CD /* ScheduleCellType.swift in Sources */,
				BD64AB03292B6F83001653A1 /* InitialDateCell.swift in Sources */,
				66436F59293843B70034F844 /* InvitationCodeViewController.swift in Sources */,
				C93CF2E6293A0D2100472AC7 /* InputChallengeNameCell.swift in Sources */,
				668F264329228BB500412735 /* DetailTaskTagTableViewCell.swift in Sources */,
				BD102B5D292E1C5400A29811 /* CardItemCell.swift in Sources */,
				C9ADDD7129360FFD003CC129 /* AddAreaVC.swift in Sources */,
				C9D56B45293B4D5200D6995F /* AllScheduleViewModel.swift in Sources */,
				BDF69A042930C06D00AC594C /* MasterPlace.swift in Sources */,
				BDCDF6CA291A457E001BD533 /* AllItemsViewController.swift in Sources */,
				668F263F29228A4900412735 /* DetailTaskTableViewCell.swift in Sources */,
				66C6FD07291A35770068D08B /* SignInUiViewController.swift in Sources */,
				BD64AAFF292B6F6E001653A1 /* ItemNameCell.swift in Sources */,
				665A52AB2935071E0069E421 /* AddNewFamilyTFC.swift in Sources */,
				BDF69A1A2930DCB900AC594C /* BranchAreaViewModel.swift in Sources */,
				666C9072291D3E1D00AB065D /* AddAreaViewController.swift in Sources */,
				66BA514B292E050400014473 /* MainViewController.swift in Sources */,
				BD64AAF7292B6E76001653A1 /* AddItemDetailVC.swift in Sources */,
				BDF69A0F2930C6CB00AC594C /* MasterPlaceRepository.swift in Sources */,
				664882922938B03D003D1F33 /* ActiveTagTVC.swift in Sources */,
				C93CF2F6293A0D7F00472AC7 /* SetRewardCell.swift in Sources */,
				BD51E832290FC437007DFCC0 /* AppDelegate.swift in Sources */,
				663A3F4A292126C50059C2F3 /* ProfileViewController.swift in Sources */,
				C9ADDD7F29362DCB003CC129 /* AllAreasViewModel.swift in Sources */,
				C9D56B4C293B6ADD00D6995F /* ActivityDetailsViewModel.swift in Sources */,
				668F264729228C4E00412735 /* DescriptionTableViewCell.swift in Sources */,
				663A3F3F29211FED0059C2F3 /* TodaysScheduleViewController.swift in Sources */,
				66CE2C5F2921D1C8007BD8E1 /* EndYearViewController.swift in Sources */,
				BDF69A172930D40900AC594C /* MasterIntervalRepository.swift in Sources */,
				663A3F45292123FB0059C2F3 /* BadgesFinishedViewController.swift in Sources */,
				C9D56B42293B4B2C00D6995F /* AllScheduleVC.swift in Sources */,
				BDF69A0C2930C33800AC594C /* MasterInterval.swift in Sources */,
				BD1F467E2923727800B646F1 /* AllAreasVC.swift in Sources */,
				C98500D82938BDBF00C701CD /* ScheduleHeaderCell.swift in Sources */,
				C9918C4C2937745E00BBB13A /* TabBarController.swift in Sources */,
				66DCC2CC293642FC004381C6 /* ScheduleViewController.swift in Sources */,
				66280C3D2921444400C63CC6 /* ThropiesTableViewCell.swift in Sources */,
				C9CE2542293DEF7300D89B53 /* User.swift in Sources */,
				C9D56B38293B341700D6995F /* UserRepository.swift in Sources */,
				C98500E22938DF6900C701CD /* ScheduleViewModel.swift in Sources */,
				C98500E42938F02B00C701CD /* ScheduleHeaderActionType.swift in Sources */,
				BDF69A082930C14200AC594C /* MasterActivity.swift in Sources */,
				BDF69A0A2930C18600AC594C /* ItemActivity.swift in Sources */,
				C9D56B3D293B3C6C00D6995F /* ActivityPointCell.swift in Sources */,
				BDF69A112930C9CC00AC594C /* AreaRepository.swift in Sources */,
				BD102B58292E1C1000A29811 /* ListItemVC.swift in Sources */,
				668871ED293587C60045770E /* InviteFamilyVC.swift in Sources */,
				BD102B54292E0C9C00A29811 /* Date+Extension.swift in Sources */,
				C9918C4A29374C5900BBB13A /* ListItemViewModel.swift in Sources */,
				C93CF2E2293A0C7000472AC7 /* CreateChallengeVC.swift in Sources */,
				66280C412921456D00C63CC6 /* BadgesCreateViewController.swift in Sources */,
				C9D56B48293B542D00D6995F /* ActivityDetails.swift in Sources */,
				668F263B29227BC200412735 /* RankTableViewCell.swift in Sources */,
				6648829A2938B076003D1F33 /* PastChallengeTagTVC.swift in Sources */,
				BDF69A1C2930E31B00AC594C /* AddItemDetailViewModel.swift in Sources */,
				663A3F53292136FF0059C2F3 /* AboutTableViewCell.swift in Sources */,
				BD1F468D2923753000B646F1 /* ChallengesVC.swift in Sources */,
				C98500DC2938BDD000C701CD /* ScheduleItemCell.swift in Sources */,
				C93CF2EA293A0D4500472AC7 /* InputChallengeDescriptionCell.swift in Sources */,
				BD64AB07292B6FA3001653A1 /* IntervalTimeCell.swift in Sources */,
				660E078929213E7E002201A3 /* ThrophyTableViewCell.swift in Sources */,
				66C7275E293DF13100EB5C41 /* ComingSoonTVC.swift in Sources */,
				668F2633292276ED00412735 /* LearderBoardInfoTableViewCell.swift in Sources */,
				BDFAB4102934A871007C1F9F /* CardAreaCellCollectionViewCell.swift in Sources */,
				664882962938B052003D1F33 /* PastChallengeTVC.swift in Sources */,
				C9D56B3A293B356400D6995F /* SignInViewModel.swift in Sources */,
				668F264B29228D2B00412735 /* RewardTableViewCell.swift in Sources */,
				BD51E834290FC437007DFCC0 /* SceneDelegate.swift in Sources */,
				663A3F3B29211B0B0059C2F3 /* BranchAreaViewController.swift in Sources */,
				66F4BE72292FC569004CF4A6 /* ActivitiesTableViewCell.swift in Sources */,
				BDF69A062930C0D100AC594C /* Area.swift in Sources */,
				668F2637292279B000412735 /* RankNamePointTableViewCell.swift in Sources */,
				BDF69A152930D0CD00AC594C /* ItemRepository.swift in Sources */,
				C98500D52938B45000C701CD /* AddAreaViewModel.swift in Sources */,
				6648828E2938B015003D1F33 /* ActiveChallengeTVC.swift in Sources */,
				C93CF2F9293A232500472AC7 /* ProfileViewModel.swift in Sources */,
			);
			runOnlyForDeploymentPostprocessing = 0;
		};
/* End PBXSourcesBuildPhase section */

/* Begin PBXVariantGroup section */
		BD51E83C290FC439007DFCC0 /* LaunchScreen.storyboard */ = {
			isa = PBXVariantGroup;
			children = (
				BD51E83D290FC439007DFCC0 /* Base */,
			);
			name = LaunchScreen.storyboard;
			sourceTree = "<group>";
		};
/* End PBXVariantGroup section */

/* Begin XCBuildConfiguration section */
		BD51E840290FC439007DFCC0 /* Debug */ = {
			isa = XCBuildConfiguration;
			buildSettings = {
				ALWAYS_SEARCH_USER_PATHS = NO;
				CLANG_ANALYZER_NONNULL = YES;
				CLANG_ANALYZER_NUMBER_OBJECT_CONVERSION = YES_AGGRESSIVE;
				CLANG_CXX_LANGUAGE_STANDARD = "gnu++17";
				CLANG_ENABLE_MODULES = YES;
				CLANG_ENABLE_OBJC_ARC = YES;
				CLANG_ENABLE_OBJC_WEAK = YES;
				CLANG_WARN_BLOCK_CAPTURE_AUTORELEASING = YES;
				CLANG_WARN_BOOL_CONVERSION = YES;
				CLANG_WARN_COMMA = YES;
				CLANG_WARN_CONSTANT_CONVERSION = YES;
				CLANG_WARN_DEPRECATED_OBJC_IMPLEMENTATIONS = YES;
				CLANG_WARN_DIRECT_OBJC_ISA_USAGE = YES_ERROR;
				CLANG_WARN_DOCUMENTATION_COMMENTS = YES;
				CLANG_WARN_EMPTY_BODY = YES;
				CLANG_WARN_ENUM_CONVERSION = YES;
				CLANG_WARN_INFINITE_RECURSION = YES;
				CLANG_WARN_INT_CONVERSION = YES;
				CLANG_WARN_NON_LITERAL_NULL_CONVERSION = YES;
				CLANG_WARN_OBJC_IMPLICIT_RETAIN_SELF = YES;
				CLANG_WARN_OBJC_LITERAL_CONVERSION = YES;
				CLANG_WARN_OBJC_ROOT_CLASS = YES_ERROR;
				CLANG_WARN_QUOTED_INCLUDE_IN_FRAMEWORK_HEADER = YES;
				CLANG_WARN_RANGE_LOOP_ANALYSIS = YES;
				CLANG_WARN_STRICT_PROTOTYPES = YES;
				CLANG_WARN_SUSPICIOUS_MOVE = YES;
				CLANG_WARN_UNGUARDED_AVAILABILITY = YES_AGGRESSIVE;
				CLANG_WARN_UNREACHABLE_CODE = YES;
				CLANG_WARN__DUPLICATE_METHOD_MATCH = YES;
				COPY_PHASE_STRIP = NO;
				DEBUG_INFORMATION_FORMAT = dwarf;
				ENABLE_STRICT_OBJC_MSGSEND = YES;
				ENABLE_TESTABILITY = YES;
				GCC_C_LANGUAGE_STANDARD = gnu11;
				GCC_DYNAMIC_NO_PIC = NO;
				GCC_NO_COMMON_BLOCKS = YES;
				GCC_OPTIMIZATION_LEVEL = 0;
				GCC_PREPROCESSOR_DEFINITIONS = (
					"DEBUG=1",
					"$(inherited)",
				);
				GCC_WARN_64_TO_32_BIT_CONVERSION = YES;
				GCC_WARN_ABOUT_RETURN_TYPE = YES_ERROR;
				GCC_WARN_UNDECLARED_SELECTOR = YES;
				GCC_WARN_UNINITIALIZED_AUTOS = YES_AGGRESSIVE;
				GCC_WARN_UNUSED_FUNCTION = YES;
				GCC_WARN_UNUSED_VARIABLE = YES;
				IPHONEOS_DEPLOYMENT_TARGET = 16.0;
				MTL_ENABLE_DEBUG_INFO = INCLUDE_SOURCE;
				MTL_FAST_MATH = YES;
				ONLY_ACTIVE_ARCH = YES;
				SDKROOT = iphoneos;
				SWIFT_ACTIVE_COMPILATION_CONDITIONS = DEBUG;
				SWIFT_OPTIMIZATION_LEVEL = "-Onone";
			};
			name = Debug;
		};
		BD51E841290FC439007DFCC0 /* Release */ = {
			isa = XCBuildConfiguration;
			buildSettings = {
				ALWAYS_SEARCH_USER_PATHS = NO;
				CLANG_ANALYZER_NONNULL = YES;
				CLANG_ANALYZER_NUMBER_OBJECT_CONVERSION = YES_AGGRESSIVE;
				CLANG_CXX_LANGUAGE_STANDARD = "gnu++17";
				CLANG_ENABLE_MODULES = YES;
				CLANG_ENABLE_OBJC_ARC = YES;
				CLANG_ENABLE_OBJC_WEAK = YES;
				CLANG_WARN_BLOCK_CAPTURE_AUTORELEASING = YES;
				CLANG_WARN_BOOL_CONVERSION = YES;
				CLANG_WARN_COMMA = YES;
				CLANG_WARN_CONSTANT_CONVERSION = YES;
				CLANG_WARN_DEPRECATED_OBJC_IMPLEMENTATIONS = YES;
				CLANG_WARN_DIRECT_OBJC_ISA_USAGE = YES_ERROR;
				CLANG_WARN_DOCUMENTATION_COMMENTS = YES;
				CLANG_WARN_EMPTY_BODY = YES;
				CLANG_WARN_ENUM_CONVERSION = YES;
				CLANG_WARN_INFINITE_RECURSION = YES;
				CLANG_WARN_INT_CONVERSION = YES;
				CLANG_WARN_NON_LITERAL_NULL_CONVERSION = YES;
				CLANG_WARN_OBJC_IMPLICIT_RETAIN_SELF = YES;
				CLANG_WARN_OBJC_LITERAL_CONVERSION = YES;
				CLANG_WARN_OBJC_ROOT_CLASS = YES_ERROR;
				CLANG_WARN_QUOTED_INCLUDE_IN_FRAMEWORK_HEADER = YES;
				CLANG_WARN_RANGE_LOOP_ANALYSIS = YES;
				CLANG_WARN_STRICT_PROTOTYPES = YES;
				CLANG_WARN_SUSPICIOUS_MOVE = YES;
				CLANG_WARN_UNGUARDED_AVAILABILITY = YES_AGGRESSIVE;
				CLANG_WARN_UNREACHABLE_CODE = YES;
				CLANG_WARN__DUPLICATE_METHOD_MATCH = YES;
				COPY_PHASE_STRIP = NO;
				DEBUG_INFORMATION_FORMAT = "dwarf-with-dsym";
				ENABLE_NS_ASSERTIONS = NO;
				ENABLE_STRICT_OBJC_MSGSEND = YES;
				GCC_C_LANGUAGE_STANDARD = gnu11;
				GCC_NO_COMMON_BLOCKS = YES;
				GCC_WARN_64_TO_32_BIT_CONVERSION = YES;
				GCC_WARN_ABOUT_RETURN_TYPE = YES_ERROR;
				GCC_WARN_UNDECLARED_SELECTOR = YES;
				GCC_WARN_UNINITIALIZED_AUTOS = YES_AGGRESSIVE;
				GCC_WARN_UNUSED_FUNCTION = YES;
				GCC_WARN_UNUSED_VARIABLE = YES;
				IPHONEOS_DEPLOYMENT_TARGET = 16.0;
				MTL_ENABLE_DEBUG_INFO = NO;
				MTL_FAST_MATH = YES;
				SDKROOT = iphoneos;
				SWIFT_COMPILATION_MODE = wholemodule;
				SWIFT_OPTIMIZATION_LEVEL = "-O";
				VALIDATE_PRODUCT = YES;
			};
			name = Release;
		};
		BD51E843290FC439007DFCC0 /* Debug */ = {
			isa = XCBuildConfiguration;
			buildSettings = {
				ASSETCATALOG_COMPILER_APPICON_NAME = AppIcon;
				ASSETCATALOG_COMPILER_GLOBAL_ACCENT_COLOR_NAME = AccentColor;
				CODE_SIGN_ENTITLEMENTS = Reclean/Reclean.entitlements;
				"CODE_SIGN_IDENTITY[sdk=iphoneos*]" = "iPhone Developer";
				CODE_SIGN_STYLE = Manual;
				CURRENT_PROJECT_VERSION = 1;
				DEVELOPMENT_TEAM = "";
				"DEVELOPMENT_TEAM[sdk=iphoneos*]" = DFF5WS246X;
				GENERATE_INFOPLIST_FILE = YES;
				INFOPLIST_FILE = Reclean/Info.plist;
				INFOPLIST_KEY_CFBundleDisplayName = ReClean;
				INFOPLIST_KEY_UIApplicationSupportsIndirectInputEvents = YES;
				INFOPLIST_KEY_UILaunchStoryboardName = LaunchScreen;
				INFOPLIST_KEY_UISupportedInterfaceOrientations = "UIInterfaceOrientationLandscapeLeft UIInterfaceOrientationLandscapeRight UIInterfaceOrientationPortrait";
				INFOPLIST_KEY_UISupportedInterfaceOrientations_iPad = UIInterfaceOrientationPortrait;
				INFOPLIST_KEY_UIUserInterfaceStyle = Light;
				IPHONEOS_DEPLOYMENT_TARGET = 15.5;
				LD_RUNPATH_SEARCH_PATHS = (
					"$(inherited)",
					"@executable_path/Frameworks",
				);
				MARKETING_VERSION = 1.0;
				PRODUCT_BUNDLE_IDENTIFIER = com.sw1ftly.Reclean;
				PRODUCT_NAME = "$(TARGET_NAME)";
				PROVISIONING_PROFILE_SPECIFIER = "";
				"PROVISIONING_PROFILE_SPECIFIER[sdk=iphoneos*]" = DFF5WS246X.com.sw1ftly.Reclean;
				SUPPORTED_PLATFORMS = "iphoneos iphonesimulator";
				SUPPORTS_MACCATALYST = NO;
				SUPPORTS_MAC_DESIGNED_FOR_IPHONE_IPAD = NO;
				SWIFT_EMIT_LOC_STRINGS = YES;
				SWIFT_VERSION = 5.0;
				TARGETED_DEVICE_FAMILY = 1;
			};
			name = Debug;
		};
		BD51E844290FC439007DFCC0 /* Release */ = {
			isa = XCBuildConfiguration;
			buildSettings = {
				ASSETCATALOG_COMPILER_APPICON_NAME = AppIcon;
				ASSETCATALOG_COMPILER_GLOBAL_ACCENT_COLOR_NAME = AccentColor;
				CODE_SIGN_ENTITLEMENTS = Reclean/Reclean.entitlements;
				"CODE_SIGN_IDENTITY[sdk=iphoneos*]" = "iPhone Developer";
				CODE_SIGN_STYLE = Manual;
				CURRENT_PROJECT_VERSION = 1;
				DEVELOPMENT_TEAM = "";
				"DEVELOPMENT_TEAM[sdk=iphoneos*]" = DFF5WS246X;
				GENERATE_INFOPLIST_FILE = YES;
				INFOPLIST_FILE = Reclean/Info.plist;
				INFOPLIST_KEY_CFBundleDisplayName = ReClean;
				INFOPLIST_KEY_UIApplicationSupportsIndirectInputEvents = YES;
				INFOPLIST_KEY_UILaunchStoryboardName = LaunchScreen;
				INFOPLIST_KEY_UISupportedInterfaceOrientations = "UIInterfaceOrientationLandscapeLeft UIInterfaceOrientationLandscapeRight UIInterfaceOrientationPortrait";
				INFOPLIST_KEY_UISupportedInterfaceOrientations_iPad = UIInterfaceOrientationPortrait;
				INFOPLIST_KEY_UIUserInterfaceStyle = Light;
				IPHONEOS_DEPLOYMENT_TARGET = 15.5;
				LD_RUNPATH_SEARCH_PATHS = (
					"$(inherited)",
					"@executable_path/Frameworks",
				);
				MARKETING_VERSION = 1.0;
				PRODUCT_BUNDLE_IDENTIFIER = com.sw1ftly.Reclean;
				PRODUCT_NAME = "$(TARGET_NAME)";
				PROVISIONING_PROFILE_SPECIFIER = "";
				"PROVISIONING_PROFILE_SPECIFIER[sdk=iphoneos*]" = DFF5WS246X.com.sw1ftly.Reclean;
				SUPPORTED_PLATFORMS = "iphoneos iphonesimulator";
				SUPPORTS_MACCATALYST = NO;
				SUPPORTS_MAC_DESIGNED_FOR_IPHONE_IPAD = NO;
				SWIFT_EMIT_LOC_STRINGS = YES;
				SWIFT_VERSION = 5.0;
				TARGETED_DEVICE_FAMILY = 1;
			};
			name = Release;
		};
/* End XCBuildConfiguration section */

/* Begin XCConfigurationList section */
		BD51E829290FC437007DFCC0 /* Build configuration list for PBXProject "Reclean" */ = {
			isa = XCConfigurationList;
			buildConfigurations = (
				BD51E840290FC439007DFCC0 /* Debug */,
				BD51E841290FC439007DFCC0 /* Release */,
			);
			defaultConfigurationIsVisible = 0;
			defaultConfigurationName = Release;
		};
		BD51E842290FC439007DFCC0 /* Build configuration list for PBXNativeTarget "ReClean" */ = {
			isa = XCConfigurationList;
			buildConfigurations = (
				BD51E843290FC439007DFCC0 /* Debug */,
				BD51E844290FC439007DFCC0 /* Release */,
			);
			defaultConfigurationIsVisible = 0;
			defaultConfigurationName = Release;
		};
/* End XCConfigurationList section */
	};
	rootObject = BD51E826290FC437007DFCC0 /* Project object */;
}
